// !$*UTF8*$!
{
	archiveVersion = 1;
	classes = {
	};
	objectVersion = 46;
	objects = {

/* Begin PBXBuildFile section */
		0914AA071343A0E200EA7994 /* nowPlayingBG.png in Resources */ = {isa = PBXBuildFile; fileRef = 0914AA061343A0E100EA7994 /* nowPlayingBG.png */; };
		0914AA0A1343A35C00EA7994 /* nowPlayingBG_shadow.png in Resources */ = {isa = PBXBuildFile; fileRef = 0914AA091343A35C00EA7994 /* nowPlayingBG_shadow.png */; };
		0925D6DE1382E8B000DD6946 /* CustomServerController.m in Sources */ = {isa = PBXBuildFile; fileRef = 0925D6DC1382E8B000DD6946 /* CustomServerController.m */; };
		0925D6DF1382E8B000DD6946 /* CustomServerController.xib in Resources */ = {isa = PBXBuildFile; fileRef = 0925D6DD1382E8B000DD6946 /* CustomServerController.xib */; };
		093CCACF137253FA0095FA1A /* TVShowsTableView.m in Sources */ = {isa = PBXBuildFile; fileRef = 093CCACE137253FA0095FA1A /* TVShowsTableView.m */; };
		093CCAD213725CDA0095FA1A /* TVShowTableView.m in Sources */ = {isa = PBXBuildFile; fileRef = 093CCAD113725CDA0095FA1A /* TVShowTableView.m */; };
		093CCAD5137262CD0095FA1A /* RSSTableView.m in Sources */ = {isa = PBXBuildFile; fileRef = 093CCAD4137262CD0095FA1A /* RSSTableView.m */; };
		09496AF9136A6368007D5053 /* library.png in Resources */ = {isa = PBXBuildFile; fileRef = 09496AF8136A6368007D5053 /* library.png */; };
		095A2953133D510000F4FC9A /* UIKit.framework in Frameworks */ = {isa = PBXBuildFile; fileRef = 095A2952133D510000F4FC9A /* UIKit.framework */; };
		095A2955133D510000F4FC9A /* Foundation.framework in Frameworks */ = {isa = PBXBuildFile; fileRef = 095A2954133D510000F4FC9A /* Foundation.framework */; };
		095A2957133D510000F4FC9A /* CoreGraphics.framework in Frameworks */ = {isa = PBXBuildFile; fileRef = 095A2956133D510000F4FC9A /* CoreGraphics.framework */; };
		095A295D133D510000F4FC9A /* InfoPlist.strings in Resources */ = {isa = PBXBuildFile; fileRef = 095A295B133D510000F4FC9A /* InfoPlist.strings */; };
		095A2960133D510000F4FC9A /* main.m in Sources */ = {isa = PBXBuildFile; fileRef = 095A295F133D510000F4FC9A /* main.m */; };
		095A2963133D510000F4FC9A /* Boxee_RemoteAppDelegate.m in Sources */ = {isa = PBXBuildFile; fileRef = 095A2962133D510000F4FC9A /* Boxee_RemoteAppDelegate.m */; };
		095A2966133D510000F4FC9A /* MainWindow.xib in Resources */ = {isa = PBXBuildFile; fileRef = 095A2964133D510000F4FC9A /* MainWindow.xib */; };
		095A2969133D510000F4FC9A /* DetailViewController.m in Sources */ = {isa = PBXBuildFile; fileRef = 095A2968133D510000F4FC9A /* DetailViewController.m */; };
		095A296C133D510000F4FC9A /* DetailView.xib in Resources */ = {isa = PBXBuildFile; fileRef = 095A296A133D510000F4FC9A /* DetailView.xib */; };
		095A296F133D510000F4FC9A /* RootViewController.m in Sources */ = {isa = PBXBuildFile; fileRef = 095A296E133D510000F4FC9A /* RootViewController.m */; };
		095A2976133D510100F4FC9A /* UIKit.framework in Frameworks */ = {isa = PBXBuildFile; fileRef = 095A2952133D510000F4FC9A /* UIKit.framework */; };
		095A2977133D510100F4FC9A /* Foundation.framework in Frameworks */ = {isa = PBXBuildFile; fileRef = 095A2954133D510000F4FC9A /* Foundation.framework */; };
		095A2978133D510100F4FC9A /* CoreGraphics.framework in Frameworks */ = {isa = PBXBuildFile; fileRef = 095A2956133D510000F4FC9A /* CoreGraphics.framework */; };
		095A2980133D510100F4FC9A /* InfoPlist.strings in Resources */ = {isa = PBXBuildFile; fileRef = 095A297E133D510100F4FC9A /* InfoPlist.strings */; };
		095A2983133D510100F4FC9A /* Boxee_RemoteTests.h in Resources */ = {isa = PBXBuildFile; fileRef = 095A2982133D510100F4FC9A /* Boxee_RemoteTests.h */; };
		095A2985133D510100F4FC9A /* Boxee_RemoteTests.m in Sources */ = {isa = PBXBuildFile; fileRef = 095A2984133D510100F4FC9A /* Boxee_RemoteTests.m */; };
		095A2991133D66E800F4FC9A /* RemoteViewController.m in Sources */ = {isa = PBXBuildFile; fileRef = 095A298F133D66E800F4FC9A /* RemoteViewController.m */; };
		095A2992133D66E800F4FC9A /* RemoteViewController.xib in Resources */ = {isa = PBXBuildFile; fileRef = 095A2990133D66E800F4FC9A /* RemoteViewController.xib */; };
		095A29A1133D6F4000F4FC9A /* SettingsViewController.m in Sources */ = {isa = PBXBuildFile; fileRef = 095A299F133D6F3F00F4FC9A /* SettingsViewController.m */; };
		095A29A2133D6F4000F4FC9A /* SettingsViewController.xib in Resources */ = {isa = PBXBuildFile; fileRef = 095A29A0133D6F4000F4FC9A /* SettingsViewController.xib */; };
		095A29AB133D76C600F4FC9A /* BoxeeHTTPInterface.m in Sources */ = {isa = PBXBuildFile; fileRef = 095A29AA133D76C500F4FC9A /* BoxeeHTTPInterface.m */; };
		095A29B7133D97DE00F4FC9A /* iPadBackground.png in Resources */ = {isa = PBXBuildFile; fileRef = 095A29B6133D97DE00F4FC9A /* iPadBackground.png */; };
		095A29B9133DA1CC00F4FC9A /* Qi4.RX1.JPG in Resources */ = {isa = PBXBuildFile; fileRef = 095A29B8133DA1CC00F4FC9A /* Qi4.RX1.JPG */; };
		095A29BB133DACD600F4FC9A /* Gear.png in Resources */ = {isa = PBXBuildFile; fileRef = 095A29BA133DACD500F4FC9A /* Gear.png */; };
		095A29BD133DADC400F4FC9A /* icon_settings.png in Resources */ = {isa = PBXBuildFile; fileRef = 095A29BC133DADC400F4FC9A /* icon_settings.png */; };
		095A29BF133DB0B600F4FC9A /* icon_wifi.png in Resources */ = {isa = PBXBuildFile; fileRef = 095A29BE133DB0B600F4FC9A /* icon_wifi.png */; };
		095A29C5133DB6F800F4FC9A /* remotecontrol.png in Resources */ = {isa = PBXBuildFile; fileRef = 095A29C4133DB6F800F4FC9A /* remotecontrol.png */; };
		095A29D0133DB7F500F4FC9A /* GradientButton.m in Sources */ = {isa = PBXBuildFile; fileRef = 095A29CF133DB7F300F4FC9A /* GradientButton.m */; };
		095A29D2133DBA9C00F4FC9A /* icon_mute.png in Resources */ = {isa = PBXBuildFile; fileRef = 095A29D1133DBA9C00F4FC9A /* icon_mute.png */; };
		095A29D4133DBB1200F4FC9A /* icon_volume.png in Resources */ = {isa = PBXBuildFile; fileRef = 095A29D3133DBB1200F4FC9A /* icon_volume.png */; };
		095A29E5133DE4FC00F4FC9A /* SplashScreenViewController.m in Sources */ = {isa = PBXBuildFile; fileRef = 095A29E3133DE4EF00F4FC9A /* SplashScreenViewController.m */; };
		095A29E6133DE4FC00F4FC9A /* SplashScreenViewController.xib in Resources */ = {isa = PBXBuildFile; fileRef = 095A29E4133DE4F400F4FC9A /* SplashScreenViewController.xib */; };
		095C15121374F81D006026B6 /* MoviesTableView.m in Sources */ = {isa = PBXBuildFile; fileRef = 095C15111374F81D006026B6 /* MoviesTableView.m */; };
		095C15151374FB0D006026B6 /* MusicTableView.m in Sources */ = {isa = PBXBuildFile; fileRef = 095C15141374FB0D006026B6 /* MusicTableView.m */; };
		095C15181374FE12006026B6 /* AlbumsTableView.m in Sources */ = {isa = PBXBuildFile; fileRef = 095C15171374FE11006026B6 /* AlbumsTableView.m */; };
		095C151B1374FE22006026B6 /* ArtistsTableView.m in Sources */ = {isa = PBXBuildFile; fileRef = 095C151A1374FE22006026B6 /* ArtistsTableView.m */; };
		095C151F13750130006026B6 /* AlbumTableView.m in Sources */ = {isa = PBXBuildFile; fileRef = 095C151E13750130006026B6 /* AlbumTableView.m */; };
		095C152213750146006026B6 /* ArtistTableView.m in Sources */ = {isa = PBXBuildFile; fileRef = 095C152113750146006026B6 /* ArtistTableView.m */; };
		095C1525137507F8006026B6 /* FilesTableView.m in Sources */ = {isa = PBXBuildFile; fileRef = 095C1524137507F7006026B6 /* FilesTableView.m */; };
		095C15281375080A006026B6 /* FolderTableView.m in Sources */ = {isa = PBXBuildFile; fileRef = 095C152713750809006026B6 /* FolderTableView.m */; };
		097D678D1363DCD9008E8584 /* icon_volume_down.png in Resources */ = {isa = PBXBuildFile; fileRef = 097D678B1363DCD9008E8584 /* icon_volume_down.png */; };
		097D678E1363DCD9008E8584 /* icon_volume_up.png in Resources */ = {isa = PBXBuildFile; fileRef = 097D678C1363DCD9008E8584 /* icon_volume_up.png */; };
		097D67981363E0E3008E8584 /* Default@2x.png in Resources */ = {isa = PBXBuildFile; fileRef = 097D67971363E0E3008E8584 /* Default@2x.png */; };
		097D679A1363E0EF008E8584 /* Default.png in Resources */ = {isa = PBXBuildFile; fileRef = 097D67991363E0EF008E8584 /* Default.png */; };
		0981C83C133E298800F967D2 /* MediaItem.m in Sources */ = {isa = PBXBuildFile; fileRef = 0981C83B133E298800F967D2 /* MediaItem.m */; };
		0981EB7113634EAF00BF2510 /* MainWindow-Phone.xib in Resources */ = {isa = PBXBuildFile; fileRef = 0981EB7013634EAF00BF2510 /* MainWindow-Phone.xib */; };
		0981EB7413634FA400BF2510 /* Boxee_RemoteAppDelegate-Phone.m in Sources */ = {isa = PBXBuildFile; fileRef = 0981EB7313634FA400BF2510 /* Boxee_RemoteAppDelegate-Phone.m */; };
		0981EB871363552800BF2510 /* SettingsViewControllerPhone.m in Sources */ = {isa = PBXBuildFile; fileRef = 0981EB851363552200BF2510 /* SettingsViewControllerPhone.m */; };
		0981EB881363552800BF2510 /* SettingsViewControllerPhone.xib in Resources */ = {isa = PBXBuildFile; fileRef = 0981EB861363552200BF2510 /* SettingsViewControllerPhone.xib */; };
		0981EB96136359BF00BF2510 /* NowPlayingViewPhone.m in Sources */ = {isa = PBXBuildFile; fileRef = 0981EB94136359BE00BF2510 /* NowPlayingViewPhone.m */; };
		0981EB97136359BF00BF2510 /* NowPlayingViewPhone.xib in Resources */ = {isa = PBXBuildFile; fileRef = 0981EB95136359BE00BF2510 /* NowPlayingViewPhone.xib */; };
		0981EB9B136359D900BF2510 /* RemoteViewControllerPhone.m in Sources */ = {isa = PBXBuildFile; fileRef = 0981EB99136359D800BF2510 /* RemoteViewControllerPhone.m */; };
		0981EB9C136359D900BF2510 /* RemoteViewControllerPhone.xib in Resources */ = {isa = PBXBuildFile; fileRef = 0981EB9A136359D900BF2510 /* RemoteViewControllerPhone.xib */; };
		0983DB831363696E0090D189 /* remotecontroller.png in Resources */ = {isa = PBXBuildFile; fileRef = 0983DB821363696E0090D189 /* remotecontroller.png */; };
		0983DB8C13636C660090D189 /* DownDefault.png in Resources */ = {isa = PBXBuildFile; fileRef = 0983DB8513636C660090D189 /* DownDefault.png */; };
		0983DB8D13636C660090D189 /* LeftDefault.png in Resources */ = {isa = PBXBuildFile; fileRef = 0983DB8613636C660090D189 /* LeftDefault.png */; };
		0983DB8E13636C660090D189 /* RemoteBG.png in Resources */ = {isa = PBXBuildFile; fileRef = 0983DB8713636C660090D189 /* RemoteBG.png */; };
		0983DB8F13636C660090D189 /* RightDefault.png in Resources */ = {isa = PBXBuildFile; fileRef = 0983DB8813636C660090D189 /* RightDefault.png */; };
		0983DB9013636C660090D189 /* SelectDown.png in Resources */ = {isa = PBXBuildFile; fileRef = 0983DB8913636C660090D189 /* SelectDown.png */; };
		0983DB9113636C660090D189 /* SelectUp.png in Resources */ = {isa = PBXBuildFile; fileRef = 0983DB8A13636C660090D189 /* SelectUp.png */; };
		0983DB9213636C660090D189 /* UpDefault.png in Resources */ = {isa = PBXBuildFile; fileRef = 0983DB8B13636C660090D189 /* UpDefault.png */; };
		0983DB961363763F0090D189 /* DetailViewPhone.m in Sources */ = {isa = PBXBuildFile; fileRef = 0983DB941363763F0090D189 /* DetailViewPhone.m */; };
		0983DB971363763F0090D189 /* DetailViewPhone.xib in Resources */ = {isa = PBXBuildFile; fileRef = 0983DB951363763F0090D189 /* DetailViewPhone.xib */; };
		0983DB9A136376EF0090D189 /* RootViewControllerPhone.m in Sources */ = {isa = PBXBuildFile; fileRef = 0983DB99136376EF0090D189 /* RootViewControllerPhone.m */; };
		099020A91342C8DA002E996B /* downIcon.png in Resources */ = {isa = PBXBuildFile; fileRef = 099020A81342C8DA002E996B /* downIcon.png */; };
		099020AC1342C8E5002E996B /* upicon.png in Resources */ = {isa = PBXBuildFile; fileRef = 099020AB1342C8E5002E996B /* upicon.png */; };
		09A7A7E113797B8F00418DC6 /* TVShowsTableView-Phone.m in Sources */ = {isa = PBXBuildFile; fileRef = 09A7A7E013797B8F00418DC6 /* TVShowsTableView-Phone.m */; };
		09A7A7E413797D9300418DC6 /* TVShowTableView-Phone.m in Sources */ = {isa = PBXBuildFile; fileRef = 09A7A7E313797D9300418DC6 /* TVShowTableView-Phone.m */; };
		09A7A7E713797F8D00418DC6 /* MoviesTableView-Phone.m in Sources */ = {isa = PBXBuildFile; fileRef = 09A7A7E613797F8C00418DC6 /* MoviesTableView-Phone.m */; };
		09A7A7EA13798BC300418DC6 /* MusicTableView-Phone.m in Sources */ = {isa = PBXBuildFile; fileRef = 09A7A7E913798BC300418DC6 /* MusicTableView-Phone.m */; };
		09A7A7ED1379938E00418DC6 /* AlbumsTableView-Phone.m in Sources */ = {isa = PBXBuildFile; fileRef = 09A7A7EC1379938E00418DC6 /* AlbumsTableView-Phone.m */; };
		09A7A7F01379959700418DC6 /* ArtistsTableView-Phone.m in Sources */ = {isa = PBXBuildFile; fileRef = 09A7A7EF1379959600418DC6 /* ArtistsTableView-Phone.m */; };
		09A7A7F31379980200418DC6 /* AlbumTableView-Phone.m in Sources */ = {isa = PBXBuildFile; fileRef = 09A7A7F21379980200418DC6 /* AlbumTableView-Phone.m */; };
		09A7A7F61379997900418DC6 /* ArtistTableView-Phone.m in Sources */ = {isa = PBXBuildFile; fileRef = 09A7A7F51379997900418DC6 /* ArtistTableView-Phone.m */; };
		09A7A7F913799AE700418DC6 /* FilesTableView-Phone.m in Sources */ = {isa = PBXBuildFile; fileRef = 09A7A7F813799AE600418DC6 /* FilesTableView-Phone.m */; };
		09A7A7FC13799C8E00418DC6 /* FolderTableView-Phone.m in Sources */ = {isa = PBXBuildFile; fileRef = 09A7A7FB13799C8D00418DC6 /* FolderTableView-Phone.m */; };
		09A952551383431B005B941C /* CustomServerController-Phone.m in Sources */ = {isa = PBXBuildFile; fileRef = 09A952531383431B005B941C /* CustomServerController-Phone.m */; };
		09A952561383431B005B941C /* CustomServerController-Phone.xib in Resources */ = {isa = PBXBuildFile; fileRef = 09A952541383431B005B941C /* CustomServerController-Phone.xib */; };
		09A9525A13836F52005B941C /* AVFoundation.framework in Frameworks */ = {isa = PBXBuildFile; fileRef = 09A9525913836F52005B941C /* AVFoundation.framework */; };
		09B0F8241383FA5900B9F214 /* click2.aiff in Resources */ = {isa = PBXBuildFile; fileRef = 09B0F8231383FA5900B9F214 /* click2.aiff */; };
		09C956CA133EF5E3006729AE /* AsyncUdpSocket.m in Sources */ = {isa = PBXBuildFile; fileRef = 09C956C9133EF5E3006729AE /* AsyncUdpSocket.m */; };
		09C956CC133EF71C006729AE /* CFNetwork.framework in Frameworks */ = {isa = PBXBuildFile; fileRef = 09C956CB133EF71C006729AE /* CFNetwork.framework */; };
		09C956CF133EFD43006729AE /* NSString+MD5.m in Sources */ = {isa = PBXBuildFile; fileRef = 09C956CE133EFD42006729AE /* NSString+MD5.m */; };
		09C956DA133F7B42006729AE /* BoxeeServer.m in Sources */ = {isa = PBXBuildFile; fileRef = 09C956D9133F7B3E006729AE /* BoxeeServer.m */; };
		09C956DD133F7FBC006729AE /* BoxeeServerParser.m in Sources */ = {isa = PBXBuildFile; fileRef = 09C956DC133F7FB7006729AE /* BoxeeServerParser.m */; };
		09C956E7133FF11A006729AE /* Boxeelogo.png in Resources */ = {isa = PBXBuildFile; fileRef = 09C956E6133FF11A006729AE /* Boxeelogo.png */; };
		09C956E9133FF27F006729AE /* Boxee_shadow.png in Resources */ = {isa = PBXBuildFile; fileRef = 09C956E8133FF27F006729AE /* Boxee_shadow.png */; };
		09C957011340CB27006729AE /* icon_controls_1.png in Resources */ = {isa = PBXBuildFile; fileRef = 09C956FA1340CB26006729AE /* icon_controls_1.png */; };
		09C957021340CB27006729AE /* icon_controls_2.png in Resources */ = {isa = PBXBuildFile; fileRef = 09C956FB1340CB26006729AE /* icon_controls_2.png */; };
		09C957031340CB27006729AE /* icon_controls_3.png in Resources */ = {isa = PBXBuildFile; fileRef = 09C956FC1340CB27006729AE /* icon_controls_3.png */; };
		09C957041340CB27006729AE /* icon_controls_4.png in Resources */ = {isa = PBXBuildFile; fileRef = 09C956FD1340CB27006729AE /* icon_controls_4.png */; };
		09C957051340CB27006729AE /* icon_controls_5.png in Resources */ = {isa = PBXBuildFile; fileRef = 09C956FE1340CB27006729AE /* icon_controls_5.png */; };
		09C957061340CB27006729AE /* icon_controls_6.png in Resources */ = {isa = PBXBuildFile; fileRef = 09C956FF1340CB27006729AE /* icon_controls_6.png */; };
		09C957071340CB27006729AE /* icon_controls_7.png in Resources */ = {isa = PBXBuildFile; fileRef = 09C957001340CB27006729AE /* icon_controls_7.png */; };
		09C957091340CD29006729AE /* icon_keyboard.png in Resources */ = {isa = PBXBuildFile; fileRef = 09C957081340CD29006729AE /* icon_keyboard.png */; };
		09C9570C1340EE92006729AE /* NSData+Base64.m in Sources */ = {isa = PBXBuildFile; fileRef = 09C9570B1340EE8E006729AE /* NSData+Base64.m */; };
		09D0B44E136392EB002D341E /* BackButton.png in Resources */ = {isa = PBXBuildFile; fileRef = 09D0B44D136392EB002D341E /* BackButton.png */; };
		09E8CE73135B7EBA00644DE1 /* AsyncSocket.m in Sources */ = {isa = PBXBuildFile; fileRef = 09E8CE72135B7EBA00644DE1 /* AsyncSocket.m */; };
		09EE66451345849D000F4C5F /* Default-Portrait~ipad.png in Resources */ = {isa = PBXBuildFile; fileRef = 09EE66441345849D000F4C5F /* Default-Portrait~ipad.png */; };
		09EE6647134584A8000F4C5F /* Default-Landscape~ipad.png in Resources */ = {isa = PBXBuildFile; fileRef = 09EE6646134584A8000F4C5F /* Default-Landscape~ipad.png */; };
		09EE664F134588CB000F4C5F /* Icon-small-50.png in Resources */ = {isa = PBXBuildFile; fileRef = 09EE6649134588CB000F4C5F /* Icon-small-50.png */; };
		09EE6650134588CB000F4C5F /* Icon-small.png in Resources */ = {isa = PBXBuildFile; fileRef = 09EE664A134588CB000F4C5F /* Icon-small.png */; };
		09EE6651134588CB000F4C5F /* Icon-small@2x.png in Resources */ = {isa = PBXBuildFile; fileRef = 09EE664B134588CB000F4C5F /* Icon-small@2x.png */; };
		09EE6652134588CB000F4C5F /* Icon.png in Resources */ = {isa = PBXBuildFile; fileRef = 09EE664C134588CB000F4C5F /* Icon.png */; };
		09EE6653134588CB000F4C5F /* Icon@2x.png in Resources */ = {isa = PBXBuildFile; fileRef = 09EE664D134588CB000F4C5F /* Icon@2x.png */; };
		09EE6655134588E7000F4C5F /* Icon-72.png in Resources */ = {isa = PBXBuildFile; fileRef = 09EE6654134588E7000F4C5F /* Icon-72.png */; };
/* End PBXBuildFile section */

/* Begin PBXContainerItemProxy section */
		095A2979133D510100F4FC9A /* PBXContainerItemProxy */ = {
			isa = PBXContainerItemProxy;
			containerPortal = 095A2945133D510000F4FC9A /* Project object */;
			proxyType = 1;
			remoteGlobalIDString = 095A294D133D510000F4FC9A;
			remoteInfo = "Boxee Remote";
		};
/* End PBXContainerItemProxy section */

/* Begin PBXFileReference section */
		0914AA061343A0E100EA7994 /* nowPlayingBG.png */ = {isa = PBXFileReference; lastKnownFileType = image.png; path = nowPlayingBG.png; sourceTree = "<group>"; };
		0914AA091343A35C00EA7994 /* nowPlayingBG_shadow.png */ = {isa = PBXFileReference; lastKnownFileType = image.png; path = nowPlayingBG_shadow.png; sourceTree = "<group>"; };
		0925D6DB1382E8B000DD6946 /* CustomServerController.h */ = {isa = PBXFileReference; fileEncoding = 4; lastKnownFileType = sourcecode.c.h; path = CustomServerController.h; sourceTree = "<group>"; };
		0925D6DC1382E8B000DD6946 /* CustomServerController.m */ = {isa = PBXFileReference; fileEncoding = 4; lastKnownFileType = sourcecode.c.objc; path = CustomServerController.m; sourceTree = "<group>"; };
		0925D6DD1382E8B000DD6946 /* CustomServerController.xib */ = {isa = PBXFileReference; fileEncoding = 4; lastKnownFileType = file.xib; path = CustomServerController.xib; sourceTree = "<group>"; };
		093CCACD137253FA0095FA1A /* TVShowsTableView.h */ = {isa = PBXFileReference; fileEncoding = 4; lastKnownFileType = sourcecode.c.h; path = TVShowsTableView.h; sourceTree = "<group>"; };
		093CCACE137253FA0095FA1A /* TVShowsTableView.m */ = {isa = PBXFileReference; fileEncoding = 4; lastKnownFileType = sourcecode.c.objc; path = TVShowsTableView.m; sourceTree = "<group>"; };
		093CCAD013725CDA0095FA1A /* TVShowTableView.h */ = {isa = PBXFileReference; fileEncoding = 4; lastKnownFileType = sourcecode.c.h; path = TVShowTableView.h; sourceTree = "<group>"; };
		093CCAD113725CDA0095FA1A /* TVShowTableView.m */ = {isa = PBXFileReference; fileEncoding = 4; lastKnownFileType = sourcecode.c.objc; path = TVShowTableView.m; sourceTree = "<group>"; };
		093CCAD3137262CD0095FA1A /* RSSTableView.h */ = {isa = PBXFileReference; fileEncoding = 4; lastKnownFileType = sourcecode.c.h; path = RSSTableView.h; sourceTree = "<group>"; };
		093CCAD4137262CD0095FA1A /* RSSTableView.m */ = {isa = PBXFileReference; fileEncoding = 4; lastKnownFileType = sourcecode.c.objc; path = RSSTableView.m; sourceTree = "<group>"; };
		09496AF8136A6368007D5053 /* library.png */ = {isa = PBXFileReference; lastKnownFileType = image.png; path = library.png; sourceTree = "<group>"; };
		095A294E133D510000F4FC9A /* Kontrol.app */ = {isa = PBXFileReference; explicitFileType = wrapper.application; includeInIndex = 0; path = Kontrol.app; sourceTree = BUILT_PRODUCTS_DIR; };
		095A2952133D510000F4FC9A /* UIKit.framework */ = {isa = PBXFileReference; lastKnownFileType = wrapper.framework; name = UIKit.framework; path = System/Library/Frameworks/UIKit.framework; sourceTree = SDKROOT; };
		095A2954133D510000F4FC9A /* Foundation.framework */ = {isa = PBXFileReference; lastKnownFileType = wrapper.framework; name = Foundation.framework; path = System/Library/Frameworks/Foundation.framework; sourceTree = SDKROOT; };
		095A2956133D510000F4FC9A /* CoreGraphics.framework */ = {isa = PBXFileReference; lastKnownFileType = wrapper.framework; name = CoreGraphics.framework; path = System/Library/Frameworks/CoreGraphics.framework; sourceTree = SDKROOT; };
		095A295A133D510000F4FC9A /* Kontrol-Info.plist */ = {isa = PBXFileReference; lastKnownFileType = text.plist.xml; path = "Kontrol-Info.plist"; sourceTree = "<group>"; };
		095A295C133D510000F4FC9A /* en */ = {isa = PBXFileReference; lastKnownFileType = text.plist.strings; name = en; path = en.lproj/InfoPlist.strings; sourceTree = "<group>"; };
		095A295E133D510000F4FC9A /* Kontrol-Prefix.pch */ = {isa = PBXFileReference; lastKnownFileType = sourcecode.c.h; path = "Kontrol-Prefix.pch"; sourceTree = "<group>"; };
		095A295F133D510000F4FC9A /* main.m */ = {isa = PBXFileReference; lastKnownFileType = sourcecode.c.objc; path = main.m; sourceTree = "<group>"; };
		095A2961133D510000F4FC9A /* Boxee_RemoteAppDelegate.h */ = {isa = PBXFileReference; lastKnownFileType = sourcecode.c.h; path = Boxee_RemoteAppDelegate.h; sourceTree = "<group>"; };
		095A2962133D510000F4FC9A /* Boxee_RemoteAppDelegate.m */ = {isa = PBXFileReference; lastKnownFileType = sourcecode.c.objc; path = Boxee_RemoteAppDelegate.m; sourceTree = "<group>"; };
		095A2965133D510000F4FC9A /* en */ = {isa = PBXFileReference; lastKnownFileType = file.xib; name = en; path = en.lproj/MainWindow.xib; sourceTree = "<group>"; };
		095A2967133D510000F4FC9A /* DetailViewController.h */ = {isa = PBXFileReference; lastKnownFileType = sourcecode.c.h; path = DetailViewController.h; sourceTree = "<group>"; };
		095A2968133D510000F4FC9A /* DetailViewController.m */ = {isa = PBXFileReference; lastKnownFileType = sourcecode.c.objc; path = DetailViewController.m; sourceTree = "<group>"; };
		095A296B133D510000F4FC9A /* en */ = {isa = PBXFileReference; lastKnownFileType = file.xib; name = en; path = en.lproj/DetailView.xib; sourceTree = "<group>"; };
		095A296D133D510000F4FC9A /* RootViewController.h */ = {isa = PBXFileReference; lastKnownFileType = sourcecode.c.h; path = RootViewController.h; sourceTree = "<group>"; };
		095A296E133D510000F4FC9A /* RootViewController.m */ = {isa = PBXFileReference; lastKnownFileType = sourcecode.c.objc; path = RootViewController.m; sourceTree = "<group>"; };
		095A2975133D510100F4FC9A /* KontrolTests.octest */ = {isa = PBXFileReference; explicitFileType = wrapper.cfbundle; includeInIndex = 0; path = KontrolTests.octest; sourceTree = BUILT_PRODUCTS_DIR; };
		095A297D133D510100F4FC9A /* KontrolTests-Info.plist */ = {isa = PBXFileReference; lastKnownFileType = text.plist.xml; path = "KontrolTests-Info.plist"; sourceTree = "<group>"; };
		095A297F133D510100F4FC9A /* en */ = {isa = PBXFileReference; lastKnownFileType = text.plist.strings; name = en; path = en.lproj/InfoPlist.strings; sourceTree = "<group>"; };
		095A2981133D510100F4FC9A /* KontrolTests-Prefix.pch */ = {isa = PBXFileReference; lastKnownFileType = sourcecode.c.h; path = "KontrolTests-Prefix.pch"; sourceTree = "<group>"; };
		095A2982133D510100F4FC9A /* Boxee_RemoteTests.h */ = {isa = PBXFileReference; lastKnownFileType = sourcecode.c.h; path = Boxee_RemoteTests.h; sourceTree = "<group>"; };
		095A2984133D510100F4FC9A /* Boxee_RemoteTests.m */ = {isa = PBXFileReference; lastKnownFileType = sourcecode.c.objc; path = Boxee_RemoteTests.m; sourceTree = "<group>"; };
		095A298E133D66E800F4FC9A /* RemoteViewController.h */ = {isa = PBXFileReference; fileEncoding = 4; lastKnownFileType = sourcecode.c.h; path = RemoteViewController.h; sourceTree = "<group>"; };
		095A298F133D66E800F4FC9A /* RemoteViewController.m */ = {isa = PBXFileReference; fileEncoding = 4; lastKnownFileType = sourcecode.c.objc; path = RemoteViewController.m; sourceTree = "<group>"; };
		095A2990133D66E800F4FC9A /* RemoteViewController.xib */ = {isa = PBXFileReference; fileEncoding = 4; lastKnownFileType = file.xib; path = RemoteViewController.xib; sourceTree = "<group>"; };
		095A299E133D6F3F00F4FC9A /* SettingsViewController.h */ = {isa = PBXFileReference; fileEncoding = 4; lastKnownFileType = sourcecode.c.h; path = SettingsViewController.h; sourceTree = "<group>"; };
		095A299F133D6F3F00F4FC9A /* SettingsViewController.m */ = {isa = PBXFileReference; fileEncoding = 4; lastKnownFileType = sourcecode.c.objc; path = SettingsViewController.m; sourceTree = "<group>"; };
		095A29A0133D6F4000F4FC9A /* SettingsViewController.xib */ = {isa = PBXFileReference; fileEncoding = 4; lastKnownFileType = file.xib; path = SettingsViewController.xib; sourceTree = "<group>"; };
		095A29A9133D76C500F4FC9A /* BoxeeHTTPInterface.h */ = {isa = PBXFileReference; fileEncoding = 4; lastKnownFileType = sourcecode.c.h; path = BoxeeHTTPInterface.h; sourceTree = "<group>"; };
		095A29AA133D76C500F4FC9A /* BoxeeHTTPInterface.m */ = {isa = PBXFileReference; fileEncoding = 4; lastKnownFileType = sourcecode.c.objc; path = BoxeeHTTPInterface.m; sourceTree = "<group>"; };
		095A29B6133D97DE00F4FC9A /* iPadBackground.png */ = {isa = PBXFileReference; lastKnownFileType = image.png; path = iPadBackground.png; sourceTree = "<group>"; };
		095A29B8133DA1CC00F4FC9A /* Qi4.RX1.JPG */ = {isa = PBXFileReference; lastKnownFileType = image.jpeg; path = Qi4.RX1.JPG; sourceTree = "<group>"; };
		095A29BA133DACD500F4FC9A /* Gear.png */ = {isa = PBXFileReference; lastKnownFileType = image.png; path = Gear.png; sourceTree = "<group>"; };
		095A29BC133DADC400F4FC9A /* icon_settings.png */ = {isa = PBXFileReference; lastKnownFileType = image.png; path = icon_settings.png; sourceTree = "<group>"; };
		095A29BE133DB0B600F4FC9A /* icon_wifi.png */ = {isa = PBXFileReference; lastKnownFileType = image.png; path = icon_wifi.png; sourceTree = "<group>"; };
		095A29C4133DB6F800F4FC9A /* remotecontrol.png */ = {isa = PBXFileReference; lastKnownFileType = image.png; path = remotecontrol.png; sourceTree = "<group>"; };
		095A29CE133DB7F300F4FC9A /* GradientButton.h */ = {isa = PBXFileReference; fileEncoding = 4; lastKnownFileType = sourcecode.c.h; path = GradientButton.h; sourceTree = "<group>"; };
		095A29CF133DB7F300F4FC9A /* GradientButton.m */ = {isa = PBXFileReference; fileEncoding = 4; lastKnownFileType = sourcecode.c.objc; path = GradientButton.m; sourceTree = "<group>"; };
		095A29D1133DBA9C00F4FC9A /* icon_mute.png */ = {isa = PBXFileReference; lastKnownFileType = image.png; path = icon_mute.png; sourceTree = "<group>"; };
		095A29D3133DBB1200F4FC9A /* icon_volume.png */ = {isa = PBXFileReference; lastKnownFileType = image.png; path = icon_volume.png; sourceTree = "<group>"; };
		095A29E2133DE4ED00F4FC9A /* SplashScreenViewController.h */ = {isa = PBXFileReference; fileEncoding = 4; lastKnownFileType = sourcecode.c.h; path = SplashScreenViewController.h; sourceTree = "<group>"; };
		095A29E3133DE4EF00F4FC9A /* SplashScreenViewController.m */ = {isa = PBXFileReference; fileEncoding = 4; lastKnownFileType = sourcecode.c.objc; path = SplashScreenViewController.m; sourceTree = "<group>"; };
		095A29E4133DE4F400F4FC9A /* SplashScreenViewController.xib */ = {isa = PBXFileReference; fileEncoding = 4; lastKnownFileType = file.xib; path = SplashScreenViewController.xib; sourceTree = "<group>"; };
		095C15101374F81D006026B6 /* MoviesTableView.h */ = {isa = PBXFileReference; fileEncoding = 4; lastKnownFileType = sourcecode.c.h; path = MoviesTableView.h; sourceTree = "<group>"; };
		095C15111374F81D006026B6 /* MoviesTableView.m */ = {isa = PBXFileReference; fileEncoding = 4; lastKnownFileType = sourcecode.c.objc; lineEnding = 0; path = MoviesTableView.m; sourceTree = "<group>"; xcLanguageSpecificationIdentifier = xcode.lang.objc; };
		095C15131374FB0D006026B6 /* MusicTableView.h */ = {isa = PBXFileReference; fileEncoding = 4; lastKnownFileType = sourcecode.c.h; path = MusicTableView.h; sourceTree = "<group>"; };
		095C15141374FB0D006026B6 /* MusicTableView.m */ = {isa = PBXFileReference; fileEncoding = 4; lastKnownFileType = sourcecode.c.objc; path = MusicTableView.m; sourceTree = "<group>"; };
		095C15161374FE11006026B6 /* AlbumsTableView.h */ = {isa = PBXFileReference; fileEncoding = 4; lastKnownFileType = sourcecode.c.h; path = AlbumsTableView.h; sourceTree = "<group>"; };
		095C15171374FE11006026B6 /* AlbumsTableView.m */ = {isa = PBXFileReference; fileEncoding = 4; lastKnownFileType = sourcecode.c.objc; lineEnding = 0; path = AlbumsTableView.m; sourceTree = "<group>"; xcLanguageSpecificationIdentifier = xcode.lang.objc; };
		095C15191374FE21006026B6 /* ArtistsTableView.h */ = {isa = PBXFileReference; fileEncoding = 4; lastKnownFileType = sourcecode.c.h; path = ArtistsTableView.h; sourceTree = "<group>"; };
		095C151A1374FE22006026B6 /* ArtistsTableView.m */ = {isa = PBXFileReference; fileEncoding = 4; lastKnownFileType = sourcecode.c.objc; lineEnding = 0; path = ArtistsTableView.m; sourceTree = "<group>"; xcLanguageSpecificationIdentifier = xcode.lang.objc; };
		095C151D1375012F006026B6 /* AlbumTableView.h */ = {isa = PBXFileReference; fileEncoding = 4; lastKnownFileType = sourcecode.c.h; path = AlbumTableView.h; sourceTree = "<group>"; };
		095C151E13750130006026B6 /* AlbumTableView.m */ = {isa = PBXFileReference; fileEncoding = 4; lastKnownFileType = sourcecode.c.objc; lineEnding = 0; path = AlbumTableView.m; sourceTree = "<group>"; xcLanguageSpecificationIdentifier = xcode.lang.objc; };
		095C152013750146006026B6 /* ArtistTableView.h */ = {isa = PBXFileReference; fileEncoding = 4; lastKnownFileType = sourcecode.c.h; path = ArtistTableView.h; sourceTree = "<group>"; };
		095C152113750146006026B6 /* ArtistTableView.m */ = {isa = PBXFileReference; fileEncoding = 4; lastKnownFileType = sourcecode.c.objc; lineEnding = 0; path = ArtistTableView.m; sourceTree = "<group>"; xcLanguageSpecificationIdentifier = xcode.lang.objc; };
		095C1523137507F6006026B6 /* FilesTableView.h */ = {isa = PBXFileReference; fileEncoding = 4; lastKnownFileType = sourcecode.c.h; path = FilesTableView.h; sourceTree = "<group>"; };
		095C1524137507F7006026B6 /* FilesTableView.m */ = {isa = PBXFileReference; fileEncoding = 4; lastKnownFileType = sourcecode.c.objc; path = FilesTableView.m; sourceTree = "<group>"; };
		095C152613750809006026B6 /* FolderTableView.h */ = {isa = PBXFileReference; fileEncoding = 4; lastKnownFileType = sourcecode.c.h; path = FolderTableView.h; sourceTree = "<group>"; };
		095C152713750809006026B6 /* FolderTableView.m */ = {isa = PBXFileReference; fileEncoding = 4; lastKnownFileType = sourcecode.c.objc; lineEnding = 0; path = FolderTableView.m; sourceTree = "<group>"; xcLanguageSpecificationIdentifier = xcode.lang.objc; };
		097D678B1363DCD9008E8584 /* icon_volume_down.png */ = {isa = PBXFileReference; lastKnownFileType = image.png; path = icon_volume_down.png; sourceTree = "<group>"; };
		097D678C1363DCD9008E8584 /* icon_volume_up.png */ = {isa = PBXFileReference; lastKnownFileType = image.png; path = icon_volume_up.png; sourceTree = "<group>"; };
		097D67971363E0E3008E8584 /* Default@2x.png */ = {isa = PBXFileReference; lastKnownFileType = image.png; path = "Default@2x.png"; sourceTree = "<group>"; };
		097D67991363E0EF008E8584 /* Default.png */ = {isa = PBXFileReference; lastKnownFileType = image.png; path = Default.png; sourceTree = "<group>"; };
		0981C83A133E298800F967D2 /* MediaItem.h */ = {isa = PBXFileReference; fileEncoding = 4; lastKnownFileType = sourcecode.c.h; path = MediaItem.h; sourceTree = "<group>"; };
		0981C83B133E298800F967D2 /* MediaItem.m */ = {isa = PBXFileReference; fileEncoding = 4; lastKnownFileType = sourcecode.c.objc; path = MediaItem.m; sourceTree = "<group>"; };
		0981EB7013634EAF00BF2510 /* MainWindow-Phone.xib */ = {isa = PBXFileReference; fileEncoding = 4; lastKnownFileType = file.xib; path = "MainWindow-Phone.xib"; sourceTree = "<group>"; };
		0981EB7213634FA400BF2510 /* Boxee_RemoteAppDelegate-Phone.h */ = {isa = PBXFileReference; fileEncoding = 4; lastKnownFileType = sourcecode.c.h; path = "Boxee_RemoteAppDelegate-Phone.h"; sourceTree = "<group>"; };
		0981EB7313634FA400BF2510 /* Boxee_RemoteAppDelegate-Phone.m */ = {isa = PBXFileReference; fileEncoding = 4; lastKnownFileType = sourcecode.c.objc; path = "Boxee_RemoteAppDelegate-Phone.m"; sourceTree = "<group>"; };
		0981EB841363552200BF2510 /* SettingsViewControllerPhone.h */ = {isa = PBXFileReference; fileEncoding = 4; lastKnownFileType = sourcecode.c.h; path = SettingsViewControllerPhone.h; sourceTree = "<group>"; };
		0981EB851363552200BF2510 /* SettingsViewControllerPhone.m */ = {isa = PBXFileReference; fileEncoding = 4; lastKnownFileType = sourcecode.c.objc; path = SettingsViewControllerPhone.m; sourceTree = "<group>"; };
		0981EB861363552200BF2510 /* SettingsViewControllerPhone.xib */ = {isa = PBXFileReference; fileEncoding = 4; lastKnownFileType = file.xib; path = SettingsViewControllerPhone.xib; sourceTree = "<group>"; };
		0981EB93136359BE00BF2510 /* NowPlayingViewPhone.h */ = {isa = PBXFileReference; fileEncoding = 4; lastKnownFileType = sourcecode.c.h; path = NowPlayingViewPhone.h; sourceTree = "<group>"; };
		0981EB94136359BE00BF2510 /* NowPlayingViewPhone.m */ = {isa = PBXFileReference; fileEncoding = 4; lastKnownFileType = sourcecode.c.objc; path = NowPlayingViewPhone.m; sourceTree = "<group>"; };
		0981EB95136359BE00BF2510 /* NowPlayingViewPhone.xib */ = {isa = PBXFileReference; fileEncoding = 4; lastKnownFileType = file.xib; path = NowPlayingViewPhone.xib; sourceTree = "<group>"; };
		0981EB98136359D800BF2510 /* RemoteViewControllerPhone.h */ = {isa = PBXFileReference; fileEncoding = 4; lastKnownFileType = sourcecode.c.h; path = RemoteViewControllerPhone.h; sourceTree = "<group>"; };
		0981EB99136359D800BF2510 /* RemoteViewControllerPhone.m */ = {isa = PBXFileReference; fileEncoding = 4; lastKnownFileType = sourcecode.c.objc; path = RemoteViewControllerPhone.m; sourceTree = "<group>"; };
		0981EB9A136359D900BF2510 /* RemoteViewControllerPhone.xib */ = {isa = PBXFileReference; fileEncoding = 4; lastKnownFileType = file.xib; path = RemoteViewControllerPhone.xib; sourceTree = "<group>"; };
		0983DB821363696E0090D189 /* remotecontroller.png */ = {isa = PBXFileReference; lastKnownFileType = image.png; path = remotecontroller.png; sourceTree = "<group>"; };
		0983DB8513636C660090D189 /* DownDefault.png */ = {isa = PBXFileReference; lastKnownFileType = image.png; path = DownDefault.png; sourceTree = "<group>"; };
		0983DB8613636C660090D189 /* LeftDefault.png */ = {isa = PBXFileReference; lastKnownFileType = image.png; path = LeftDefault.png; sourceTree = "<group>"; };
		0983DB8713636C660090D189 /* RemoteBG.png */ = {isa = PBXFileReference; lastKnownFileType = image.png; path = RemoteBG.png; sourceTree = "<group>"; };
		0983DB8813636C660090D189 /* RightDefault.png */ = {isa = PBXFileReference; lastKnownFileType = image.png; path = RightDefault.png; sourceTree = "<group>"; };
		0983DB8913636C660090D189 /* SelectDown.png */ = {isa = PBXFileReference; lastKnownFileType = image.png; path = SelectDown.png; sourceTree = "<group>"; };
		0983DB8A13636C660090D189 /* SelectUp.png */ = {isa = PBXFileReference; lastKnownFileType = image.png; path = SelectUp.png; sourceTree = "<group>"; };
		0983DB8B13636C660090D189 /* UpDefault.png */ = {isa = PBXFileReference; lastKnownFileType = image.png; path = UpDefault.png; sourceTree = "<group>"; };
		0983DB931363763E0090D189 /* DetailViewPhone.h */ = {isa = PBXFileReference; fileEncoding = 4; lastKnownFileType = sourcecode.c.h; path = DetailViewPhone.h; sourceTree = "<group>"; };
		0983DB941363763F0090D189 /* DetailViewPhone.m */ = {isa = PBXFileReference; fileEncoding = 4; lastKnownFileType = sourcecode.c.objc; path = DetailViewPhone.m; sourceTree = "<group>"; };
		0983DB951363763F0090D189 /* DetailViewPhone.xib */ = {isa = PBXFileReference; fileEncoding = 4; lastKnownFileType = file.xib; path = DetailViewPhone.xib; sourceTree = "<group>"; };
		0983DB98136376EE0090D189 /* RootViewControllerPhone.h */ = {isa = PBXFileReference; fileEncoding = 4; lastKnownFileType = sourcecode.c.h; path = RootViewControllerPhone.h; sourceTree = "<group>"; };
		0983DB99136376EF0090D189 /* RootViewControllerPhone.m */ = {isa = PBXFileReference; fileEncoding = 4; lastKnownFileType = sourcecode.c.objc; path = RootViewControllerPhone.m; sourceTree = "<group>"; };
		099020A81342C8DA002E996B /* downIcon.png */ = {isa = PBXFileReference; lastKnownFileType = image.png; path = downIcon.png; sourceTree = "<group>"; };
		099020AB1342C8E5002E996B /* upicon.png */ = {isa = PBXFileReference; lastKnownFileType = image.png; path = upicon.png; sourceTree = "<group>"; };
		09A7A7DF13797B8F00418DC6 /* TVShowsTableView-Phone.h */ = {isa = PBXFileReference; fileEncoding = 4; lastKnownFileType = sourcecode.c.h; path = "TVShowsTableView-Phone.h"; sourceTree = "<group>"; };
		09A7A7E013797B8F00418DC6 /* TVShowsTableView-Phone.m */ = {isa = PBXFileReference; fileEncoding = 4; lastKnownFileType = sourcecode.c.objc; path = "TVShowsTableView-Phone.m"; sourceTree = "<group>"; };
		09A7A7E213797D9300418DC6 /* TVShowTableView-Phone.h */ = {isa = PBXFileReference; fileEncoding = 4; lastKnownFileType = sourcecode.c.h; path = "TVShowTableView-Phone.h"; sourceTree = "<group>"; };
		09A7A7E313797D9300418DC6 /* TVShowTableView-Phone.m */ = {isa = PBXFileReference; fileEncoding = 4; lastKnownFileType = sourcecode.c.objc; path = "TVShowTableView-Phone.m"; sourceTree = "<group>"; };
		09A7A7E513797F8C00418DC6 /* MoviesTableView-Phone.h */ = {isa = PBXFileReference; fileEncoding = 4; lastKnownFileType = sourcecode.c.h; path = "MoviesTableView-Phone.h"; sourceTree = "<group>"; };
		09A7A7E613797F8C00418DC6 /* MoviesTableView-Phone.m */ = {isa = PBXFileReference; fileEncoding = 4; lastKnownFileType = sourcecode.c.objc; path = "MoviesTableView-Phone.m"; sourceTree = "<group>"; };
		09A7A7E813798BC200418DC6 /* MusicTableView-Phone.h */ = {isa = PBXFileReference; fileEncoding = 4; lastKnownFileType = sourcecode.c.h; path = "MusicTableView-Phone.h"; sourceTree = "<group>"; };
		09A7A7E913798BC300418DC6 /* MusicTableView-Phone.m */ = {isa = PBXFileReference; fileEncoding = 4; lastKnownFileType = sourcecode.c.objc; path = "MusicTableView-Phone.m"; sourceTree = "<group>"; };
		09A7A7EB1379938E00418DC6 /* AlbumsTableView-Phone.h */ = {isa = PBXFileReference; fileEncoding = 4; lastKnownFileType = sourcecode.c.h; path = "AlbumsTableView-Phone.h"; sourceTree = "<group>"; };
		09A7A7EC1379938E00418DC6 /* AlbumsTableView-Phone.m */ = {isa = PBXFileReference; fileEncoding = 4; lastKnownFileType = sourcecode.c.objc; path = "AlbumsTableView-Phone.m"; sourceTree = "<group>"; };
		09A7A7EE1379959500418DC6 /* ArtistsTableView-Phone.h */ = {isa = PBXFileReference; fileEncoding = 4; lastKnownFileType = sourcecode.c.h; path = "ArtistsTableView-Phone.h"; sourceTree = "<group>"; };
		09A7A7EF1379959600418DC6 /* ArtistsTableView-Phone.m */ = {isa = PBXFileReference; fileEncoding = 4; lastKnownFileType = sourcecode.c.objc; path = "ArtistsTableView-Phone.m"; sourceTree = "<group>"; };
		09A7A7F11379980100418DC6 /* AlbumTableView-Phone.h */ = {isa = PBXFileReference; fileEncoding = 4; lastKnownFileType = sourcecode.c.h; path = "AlbumTableView-Phone.h"; sourceTree = "<group>"; };
		09A7A7F21379980200418DC6 /* AlbumTableView-Phone.m */ = {isa = PBXFileReference; fileEncoding = 4; lastKnownFileType = sourcecode.c.objc; path = "AlbumTableView-Phone.m"; sourceTree = "<group>"; };
		09A7A7F41379997800418DC6 /* ArtistTableView-Phone.h */ = {isa = PBXFileReference; fileEncoding = 4; lastKnownFileType = sourcecode.c.h; path = "ArtistTableView-Phone.h"; sourceTree = "<group>"; };
		09A7A7F51379997900418DC6 /* ArtistTableView-Phone.m */ = {isa = PBXFileReference; fileEncoding = 4; lastKnownFileType = sourcecode.c.objc; path = "ArtistTableView-Phone.m"; sourceTree = "<group>"; };
		09A7A7F713799AE500418DC6 /* FilesTableView-Phone.h */ = {isa = PBXFileReference; fileEncoding = 4; lastKnownFileType = sourcecode.c.h; path = "FilesTableView-Phone.h"; sourceTree = "<group>"; };
		09A7A7F813799AE600418DC6 /* FilesTableView-Phone.m */ = {isa = PBXFileReference; fileEncoding = 4; lastKnownFileType = sourcecode.c.objc; path = "FilesTableView-Phone.m"; sourceTree = "<group>"; };
		09A7A7FA13799C8B00418DC6 /* FolderTableView-Phone.h */ = {isa = PBXFileReference; fileEncoding = 4; lastKnownFileType = sourcecode.c.h; path = "FolderTableView-Phone.h"; sourceTree = "<group>"; };
		09A7A7FB13799C8D00418DC6 /* FolderTableView-Phone.m */ = {isa = PBXFileReference; fileEncoding = 4; lastKnownFileType = sourcecode.c.objc; path = "FolderTableView-Phone.m"; sourceTree = "<group>"; };
		09A952521383431B005B941C /* CustomServerController-Phone.h */ = {isa = PBXFileReference; fileEncoding = 4; lastKnownFileType = sourcecode.c.h; path = "CustomServerController-Phone.h"; sourceTree = "<group>"; };
		09A952531383431B005B941C /* CustomServerController-Phone.m */ = {isa = PBXFileReference; fileEncoding = 4; lastKnownFileType = sourcecode.c.objc; path = "CustomServerController-Phone.m"; sourceTree = "<group>"; };
		09A952541383431B005B941C /* CustomServerController-Phone.xib */ = {isa = PBXFileReference; fileEncoding = 4; lastKnownFileType = file.xib; path = "CustomServerController-Phone.xib"; sourceTree = "<group>"; };
		09A9525913836F52005B941C /* AVFoundation.framework */ = {isa = PBXFileReference; lastKnownFileType = wrapper.framework; name = AVFoundation.framework; path = System/Library/Frameworks/AVFoundation.framework; sourceTree = SDKROOT; };
		09B0F8231383FA5900B9F214 /* click2.aiff */ = {isa = PBXFileReference; lastKnownFileType = audio.aiff; path = click2.aiff; sourceTree = "<group>"; };
		09C956C8133EF5E3006729AE /* AsyncUdpSocket.h */ = {isa = PBXFileReference; fileEncoding = 4; lastKnownFileType = sourcecode.c.h; path = AsyncUdpSocket.h; sourceTree = "<group>"; };
		09C956C9133EF5E3006729AE /* AsyncUdpSocket.m */ = {isa = PBXFileReference; fileEncoding = 4; lastKnownFileType = sourcecode.c.objc; path = AsyncUdpSocket.m; sourceTree = "<group>"; };
		09C956CB133EF71C006729AE /* CFNetwork.framework */ = {isa = PBXFileReference; lastKnownFileType = wrapper.framework; name = CFNetwork.framework; path = System/Library/Frameworks/CFNetwork.framework; sourceTree = SDKROOT; };
		09C956CD133EFD41006729AE /* NSString+MD5.h */ = {isa = PBXFileReference; fileEncoding = 4; lastKnownFileType = sourcecode.c.h; path = "NSString+MD5.h"; sourceTree = "<group>"; };
		09C956CE133EFD42006729AE /* NSString+MD5.m */ = {isa = PBXFileReference; fileEncoding = 4; lastKnownFileType = sourcecode.c.objc; path = "NSString+MD5.m"; sourceTree = "<group>"; };
		09C956D8133F7B3C006729AE /* BoxeeServer.h */ = {isa = PBXFileReference; fileEncoding = 4; lastKnownFileType = sourcecode.c.h; path = BoxeeServer.h; sourceTree = "<group>"; };
		09C956D9133F7B3E006729AE /* BoxeeServer.m */ = {isa = PBXFileReference; fileEncoding = 4; lastKnownFileType = sourcecode.c.objc; path = BoxeeServer.m; sourceTree = "<group>"; };
		09C956DB133F7FB5006729AE /* BoxeeServerParser.h */ = {isa = PBXFileReference; fileEncoding = 4; lastKnownFileType = sourcecode.c.h; path = BoxeeServerParser.h; sourceTree = "<group>"; };
		09C956DC133F7FB7006729AE /* BoxeeServerParser.m */ = {isa = PBXFileReference; fileEncoding = 4; lastKnownFileType = sourcecode.c.objc; path = BoxeeServerParser.m; sourceTree = "<group>"; };
		09C956E6133FF11A006729AE /* Boxeelogo.png */ = {isa = PBXFileReference; lastKnownFileType = image.png; path = Boxeelogo.png; sourceTree = "<group>"; };
		09C956E8133FF27F006729AE /* Boxee_shadow.png */ = {isa = PBXFileReference; lastKnownFileType = image.png; path = Boxee_shadow.png; sourceTree = "<group>"; };
		09C956FA1340CB26006729AE /* icon_controls_1.png */ = {isa = PBXFileReference; lastKnownFileType = image.png; path = icon_controls_1.png; sourceTree = "<group>"; };
		09C956FB1340CB26006729AE /* icon_controls_2.png */ = {isa = PBXFileReference; lastKnownFileType = image.png; path = icon_controls_2.png; sourceTree = "<group>"; };
		09C956FC1340CB27006729AE /* icon_controls_3.png */ = {isa = PBXFileReference; lastKnownFileType = image.png; path = icon_controls_3.png; sourceTree = "<group>"; };
		09C956FD1340CB27006729AE /* icon_controls_4.png */ = {isa = PBXFileReference; lastKnownFileType = image.png; path = icon_controls_4.png; sourceTree = "<group>"; };
		09C956FE1340CB27006729AE /* icon_controls_5.png */ = {isa = PBXFileReference; lastKnownFileType = image.png; path = icon_controls_5.png; sourceTree = "<group>"; };
		09C956FF1340CB27006729AE /* icon_controls_6.png */ = {isa = PBXFileReference; lastKnownFileType = image.png; path = icon_controls_6.png; sourceTree = "<group>"; };
		09C957001340CB27006729AE /* icon_controls_7.png */ = {isa = PBXFileReference; lastKnownFileType = image.png; path = icon_controls_7.png; sourceTree = "<group>"; };
		09C957081340CD29006729AE /* icon_keyboard.png */ = {isa = PBXFileReference; lastKnownFileType = image.png; path = icon_keyboard.png; sourceTree = "<group>"; };
		09C9570A1340EE8C006729AE /* NSData+Base64.h */ = {isa = PBXFileReference; fileEncoding = 4; lastKnownFileType = sourcecode.c.h; path = "NSData+Base64.h"; sourceTree = "<group>"; };
		09C9570B1340EE8E006729AE /* NSData+Base64.m */ = {isa = PBXFileReference; fileEncoding = 4; lastKnownFileType = sourcecode.c.objc; path = "NSData+Base64.m"; sourceTree = "<group>"; };
		09D0B44D136392EB002D341E /* BackButton.png */ = {isa = PBXFileReference; lastKnownFileType = image.png; path = BackButton.png; sourceTree = "<group>"; };
		09E8CE71135B7EBA00644DE1 /* AsyncSocket.h */ = {isa = PBXFileReference; fileEncoding = 4; lastKnownFileType = sourcecode.c.h; path = AsyncSocket.h; sourceTree = "<group>"; };
		09E8CE72135B7EBA00644DE1 /* AsyncSocket.m */ = {isa = PBXFileReference; fileEncoding = 4; lastKnownFileType = sourcecode.c.objc; path = AsyncSocket.m; sourceTree = "<group>"; };
		09EE66441345849D000F4C5F /* Default-Portrait~ipad.png */ = {isa = PBXFileReference; lastKnownFileType = image.png; path = "Default-Portrait~ipad.png"; sourceTree = "<group>"; };
		09EE6646134584A8000F4C5F /* Default-Landscape~ipad.png */ = {isa = PBXFileReference; lastKnownFileType = image.png; path = "Default-Landscape~ipad.png"; sourceTree = "<group>"; };
		09EE6649134588CB000F4C5F /* Icon-small-50.png */ = {isa = PBXFileReference; lastKnownFileType = image.png; name = "Icon-small-50.png"; path = "Boxee Remote/Icon-small-50.png"; sourceTree = "<group>"; };
		09EE664A134588CB000F4C5F /* Icon-small.png */ = {isa = PBXFileReference; lastKnownFileType = image.png; name = "Icon-small.png"; path = "Boxee Remote/Icon-small.png"; sourceTree = "<group>"; };
		09EE664B134588CB000F4C5F /* Icon-small@2x.png */ = {isa = PBXFileReference; lastKnownFileType = image.png; name = "Icon-small@2x.png"; path = "Boxee Remote/Icon-small@2x.png"; sourceTree = "<group>"; };
		09EE664C134588CB000F4C5F /* Icon.png */ = {isa = PBXFileReference; lastKnownFileType = image.png; name = Icon.png; path = "Boxee Remote/Icon.png"; sourceTree = "<group>"; };
		09EE664D134588CB000F4C5F /* Icon@2x.png */ = {isa = PBXFileReference; lastKnownFileType = image.png; name = "Icon@2x.png"; path = "Boxee Remote/Icon@2x.png"; sourceTree = "<group>"; };
		09EE6654134588E7000F4C5F /* Icon-72.png */ = {isa = PBXFileReference; lastKnownFileType = image.png; path = "Icon-72.png"; sourceTree = "<group>"; };
/* End PBXFileReference section */

/* Begin PBXFrameworksBuildPhase section */
		095A294B133D510000F4FC9A /* Frameworks */ = {
			isa = PBXFrameworksBuildPhase;
			buildActionMask = 2147483647;
			files = (
				09A9525A13836F52005B941C /* AVFoundation.framework in Frameworks */,
				09C956CC133EF71C006729AE /* CFNetwork.framework in Frameworks */,
				095A2953133D510000F4FC9A /* UIKit.framework in Frameworks */,
				095A2955133D510000F4FC9A /* Foundation.framework in Frameworks */,
				095A2957133D510000F4FC9A /* CoreGraphics.framework in Frameworks */,
			);
			runOnlyForDeploymentPostprocessing = 0;
		};
		095A2971133D510100F4FC9A /* Frameworks */ = {
			isa = PBXFrameworksBuildPhase;
			buildActionMask = 2147483647;
			files = (
				095A2976133D510100F4FC9A /* UIKit.framework in Frameworks */,
				095A2977133D510100F4FC9A /* Foundation.framework in Frameworks */,
				095A2978133D510100F4FC9A /* CoreGraphics.framework in Frameworks */,
			);
			runOnlyForDeploymentPostprocessing = 0;
		};
/* End PBXFrameworksBuildPhase section */

/* Begin PBXGroup section */
		093CCACC137253B60095FA1A /* Table View Controllers */ = {
			isa = PBXGroup;
			children = (
				095C151C1374FE6D006026B6 /* Headers */,
				093CCACE137253FA0095FA1A /* TVShowsTableView.m */,
				093CCAD113725CDA0095FA1A /* TVShowTableView.m */,
				093CCAD4137262CD0095FA1A /* RSSTableView.m */,
				095C15111374F81D006026B6 /* MoviesTableView.m */,
				095C15141374FB0D006026B6 /* MusicTableView.m */,
				095C15171374FE11006026B6 /* AlbumsTableView.m */,
				095C151A1374FE22006026B6 /* ArtistsTableView.m */,
				095C151E13750130006026B6 /* AlbumTableView.m */,
				095C152113750146006026B6 /* ArtistTableView.m */,
				095C1524137507F7006026B6 /* FilesTableView.m */,
				095C152713750809006026B6 /* FolderTableView.m */,
			);
			name = "Table View Controllers";
			sourceTree = "<group>";
		};
		095A2943133D510000F4FC9A = {
			isa = PBXGroup;
			children = (
				097D67991363E0EF008E8584 /* Default.png */,
				097D67971363E0E3008E8584 /* Default@2x.png */,
				09EE6649134588CB000F4C5F /* Icon-small-50.png */,
				09EE664A134588CB000F4C5F /* Icon-small.png */,
				09EE664B134588CB000F4C5F /* Icon-small@2x.png */,
				09EE664C134588CB000F4C5F /* Icon.png */,
				09EE664D134588CB000F4C5F /* Icon@2x.png */,
				09EE6654134588E7000F4C5F /* Icon-72.png */,
				09EE6646134584A8000F4C5F /* Default-Landscape~ipad.png */,
				09EE66441345849D000F4C5F /* Default-Portrait~ipad.png */,
				095A2958133D510000F4FC9A /* Boxee Remote */,
				095A297B133D510100F4FC9A /* Boxee RemoteTests */,
				095A2951133D510000F4FC9A /* Frameworks */,
				095A294F133D510000F4FC9A /* Products */,
			);
			sourceTree = "<group>";
		};
		095A294F133D510000F4FC9A /* Products */ = {
			isa = PBXGroup;
			children = (
				095A294E133D510000F4FC9A /* Kontrol.app */,
				095A2975133D510100F4FC9A /* KontrolTests.octest */,
			);
			name = Products;
			sourceTree = "<group>";
		};
		095A2951133D510000F4FC9A /* Frameworks */ = {
			isa = PBXGroup;
			children = (
				09A9525913836F52005B941C /* AVFoundation.framework */,
				09C956CB133EF71C006729AE /* CFNetwork.framework */,
				095A2952133D510000F4FC9A /* UIKit.framework */,
				095A2954133D510000F4FC9A /* Foundation.framework */,
				095A2956133D510000F4FC9A /* CoreGraphics.framework */,
			);
			name = Frameworks;
			sourceTree = "<group>";
		};
		095A2958133D510000F4FC9A /* Boxee Remote */ = {
			isa = PBXGroup;
			children = (
				0981EB811363510900BF2510 /* Shared */,
				0981EB801363510200BF2510 /* iPhone */,
				0981EB7F136350FB00BF2510 /* iPad */,
				095A2959133D510000F4FC9A /* Supporting Files */,
			);
			path = "Boxee Remote";
			sourceTree = "<group>";
		};
		095A2959133D510000F4FC9A /* Supporting Files */ = {
			isa = PBXGroup;
			children = (
				095A295A133D510000F4FC9A /* Kontrol-Info.plist */,
				095A295B133D510000F4FC9A /* InfoPlist.strings */,
				095A295E133D510000F4FC9A /* Kontrol-Prefix.pch */,
				095A295F133D510000F4FC9A /* main.m */,
			);
			name = "Supporting Files";
			sourceTree = "<group>";
		};
		095A297B133D510100F4FC9A /* Boxee RemoteTests */ = {
			isa = PBXGroup;
			children = (
				095A2982133D510100F4FC9A /* Boxee_RemoteTests.h */,
				095A2984133D510100F4FC9A /* Boxee_RemoteTests.m */,
				095A297C133D510100F4FC9A /* Supporting Files */,
			);
			path = "Boxee RemoteTests";
			sourceTree = "<group>";
		};
		095A297C133D510100F4FC9A /* Supporting Files */ = {
			isa = PBXGroup;
			children = (
				095A297D133D510100F4FC9A /* KontrolTests-Info.plist */,
				095A297E133D510100F4FC9A /* InfoPlist.strings */,
				095A2981133D510100F4FC9A /* KontrolTests-Prefix.pch */,
			);
			name = "Supporting Files";
			sourceTree = "<group>";
		};
		095A29AC133D89A700F4FC9A /* Resources */ = {
			isa = PBXGroup;
			children = (
				095A2964133D510000F4FC9A /* MainWindow.xib */,
				095A29E4133DE4F400F4FC9A /* SplashScreenViewController.xib */,
				095A29A0133D6F4000F4FC9A /* SettingsViewController.xib */,
				095A296A133D510000F4FC9A /* DetailView.xib */,
				095A2990133D66E800F4FC9A /* RemoteViewController.xib */,
				095A29AD133D89B300F4FC9A /* Images */,
				0925D6DD1382E8B000DD6946 /* CustomServerController.xib */,
			);
			name = Resources;
			sourceTree = "<group>";
		};
		095A29AD133D89B300F4FC9A /* Images */ = {
			isa = PBXGroup;
			children = (
				09496AF8136A6368007D5053 /* library.png */,
				097D678B1363DCD9008E8584 /* icon_volume_down.png */,
				097D678C1363DCD9008E8584 /* icon_volume_up.png */,
				0914AA091343A35C00EA7994 /* nowPlayingBG_shadow.png */,
				0914AA061343A0E100EA7994 /* nowPlayingBG.png */,
				099020AB1342C8E5002E996B /* upicon.png */,
				099020A81342C8DA002E996B /* downIcon.png */,
				09C957081340CD29006729AE /* icon_keyboard.png */,
				09C956FA1340CB26006729AE /* icon_controls_1.png */,
				09C956FB1340CB26006729AE /* icon_controls_2.png */,
				09C956FC1340CB27006729AE /* icon_controls_3.png */,
				09C956FD1340CB27006729AE /* icon_controls_4.png */,
				09C956FE1340CB27006729AE /* icon_controls_5.png */,
				09C956FF1340CB27006729AE /* icon_controls_6.png */,
				09C957001340CB27006729AE /* icon_controls_7.png */,
				09C956E8133FF27F006729AE /* Boxee_shadow.png */,
				09C956E6133FF11A006729AE /* Boxeelogo.png */,
				095A29D3133DBB1200F4FC9A /* icon_volume.png */,
				095A29D1133DBA9C00F4FC9A /* icon_mute.png */,
				095A29C4133DB6F800F4FC9A /* remotecontrol.png */,
				095A29BE133DB0B600F4FC9A /* icon_wifi.png */,
				095A29BC133DADC400F4FC9A /* icon_settings.png */,
				095A29BA133DACD500F4FC9A /* Gear.png */,
				095A29B8133DA1CC00F4FC9A /* Qi4.RX1.JPG */,
				095A29B6133D97DE00F4FC9A /* iPadBackground.png */,
			);
			name = Images;
			sourceTree = "<group>";
		};
		095C151C1374FE6D006026B6 /* Headers */ = {
			isa = PBXGroup;
			children = (
				093CCACD137253FA0095FA1A /* TVShowsTableView.h */,
				093CCAD013725CDA0095FA1A /* TVShowTableView.h */,
				093CCAD3137262CD0095FA1A /* RSSTableView.h */,
				095C15101374F81D006026B6 /* MoviesTableView.h */,
				095C15131374FB0D006026B6 /* MusicTableView.h */,
				095C15161374FE11006026B6 /* AlbumsTableView.h */,
				095C151D1375012F006026B6 /* AlbumTableView.h */,
				095C152013750146006026B6 /* ArtistTableView.h */,
				095C15191374FE21006026B6 /* ArtistsTableView.h */,
				095C1523137507F6006026B6 /* FilesTableView.h */,
				095C152613750809006026B6 /* FolderTableView.h */,
			);
			name = Headers;
			sourceTree = "<group>";
		};
		0981EB7B1363507E00BF2510 /* Resources */ = {
			isa = PBXGroup;
			children = (
				0983DB951363763F0090D189 /* DetailViewPhone.xib */,
				0981EB95136359BE00BF2510 /* NowPlayingViewPhone.xib */,
				0981EB9A136359D900BF2510 /* RemoteViewControllerPhone.xib */,
				0981EB861363552200BF2510 /* SettingsViewControllerPhone.xib */,
				0981EB7013634EAF00BF2510 /* MainWindow-Phone.xib */,
				09A952541383431B005B941C /* CustomServerController-Phone.xib */,
			);
			name = Resources;
			sourceTree = "<group>";
		};
		0981EB7F136350FB00BF2510 /* iPad */ = {
			isa = PBXGroup;
			children = (
				093CCACC137253B60095FA1A /* Table View Controllers */,
				095A2961133D510000F4FC9A /* Boxee_RemoteAppDelegate.h */,
				095A2962133D510000F4FC9A /* Boxee_RemoteAppDelegate.m */,
				095A2967133D510000F4FC9A /* DetailViewController.h */,
				095A2968133D510000F4FC9A /* DetailViewController.m */,
				095A298E133D66E800F4FC9A /* RemoteViewController.h */,
				095A298F133D66E800F4FC9A /* RemoteViewController.m */,
				095A296D133D510000F4FC9A /* RootViewController.h */,
				095A296E133D510000F4FC9A /* RootViewController.m */,
				095A299E133D6F3F00F4FC9A /* SettingsViewController.h */,
				095A299F133D6F3F00F4FC9A /* SettingsViewController.m */,
				095A29E2133DE4ED00F4FC9A /* SplashScreenViewController.h */,
				095A29E3133DE4EF00F4FC9A /* SplashScreenViewController.m */,
				0925D6DB1382E8B000DD6946 /* CustomServerController.h */,
				0925D6DC1382E8B000DD6946 /* CustomServerController.m */,
				095A29AC133D89A700F4FC9A /* Resources */,
			);
			name = iPad;
			sourceTree = "<group>";
		};
		0981EB801363510200BF2510 /* iPhone */ = {
			isa = PBXGroup;
			children = (
				09A7A7DE13797B4300418DC6 /* Table View Controllers */,
				0981EB7B1363507E00BF2510 /* Resources */,
				0981EB7213634FA400BF2510 /* Boxee_RemoteAppDelegate-Phone.h */,
				09A952521383431B005B941C /* CustomServerController-Phone.h */,
				09A952531383431B005B941C /* CustomServerController-Phone.m */,
				0981EB7313634FA400BF2510 /* Boxee_RemoteAppDelegate-Phone.m */,
				0981EB841363552200BF2510 /* SettingsViewControllerPhone.h */,
				0981EB851363552200BF2510 /* SettingsViewControllerPhone.m */,
				0981EB93136359BE00BF2510 /* NowPlayingViewPhone.h */,
				0981EB94136359BE00BF2510 /* NowPlayingViewPhone.m */,
				0981EB98136359D800BF2510 /* RemoteViewControllerPhone.h */,
				0981EB99136359D800BF2510 /* RemoteViewControllerPhone.m */,
				0983DB931363763E0090D189 /* DetailViewPhone.h */,
				0983DB941363763F0090D189 /* DetailViewPhone.m */,
				0983DB98136376EE0090D189 /* RootViewControllerPhone.h */,
				0983DB99136376EF0090D189 /* RootViewControllerPhone.m */,
			);
			name = iPhone;
			sourceTree = "<group>";
		};
		0981EB811363510900BF2510 /* Shared */ = {
			isa = PBXGroup;
			children = (
				09B0F8231383FA5900B9F214 /* click2.aiff */,
				0983DB8413636C660090D189 /* remoteimg */,
				0983DB821363696E0090D189 /* remotecontroller.png */,
				09E8CE71135B7EBA00644DE1 /* AsyncSocket.h */,
				09E8CE72135B7EBA00644DE1 /* AsyncSocket.m */,
				09C9570B1340EE8E006729AE /* NSData+Base64.m */,
				09C956C8133EF5E3006729AE /* AsyncUdpSocket.h */,
				09C956D8133F7B3C006729AE /* BoxeeServer.h */,
				09C956D9133F7B3E006729AE /* BoxeeServer.m */,
				09C956CD133EFD41006729AE /* NSString+MD5.h */,
				09C956CE133EFD42006729AE /* NSString+MD5.m */,
				09C956C9133EF5E3006729AE /* AsyncUdpSocket.m */,
				095A29CE133DB7F300F4FC9A /* GradientButton.h */,
				095A29CF133DB7F300F4FC9A /* GradientButton.m */,
				095A29A9133D76C500F4FC9A /* BoxeeHTTPInterface.h */,
				095A29AA133D76C500F4FC9A /* BoxeeHTTPInterface.m */,
				09C956DB133F7FB5006729AE /* BoxeeServerParser.h */,
				09C956DC133F7FB7006729AE /* BoxeeServerParser.m */,
				0981C83A133E298800F967D2 /* MediaItem.h */,
				0981C83B133E298800F967D2 /* MediaItem.m */,
				09C9570A1340EE8C006729AE /* NSData+Base64.h */,
			);
			name = Shared;
			sourceTree = "<group>";
		};
		0983DB8413636C660090D189 /* remoteimg */ = {
			isa = PBXGroup;
			children = (
				09D0B44D136392EB002D341E /* BackButton.png */,
				0983DB8513636C660090D189 /* DownDefault.png */,
				0983DB8613636C660090D189 /* LeftDefault.png */,
				0983DB8713636C660090D189 /* RemoteBG.png */,
				0983DB8813636C660090D189 /* RightDefault.png */,
				0983DB8913636C660090D189 /* SelectDown.png */,
				0983DB8A13636C660090D189 /* SelectUp.png */,
				0983DB8B13636C660090D189 /* UpDefault.png */,
			);
			path = remoteimg;
			sourceTree = "<group>";
		};
		09A7A7DE13797B4300418DC6 /* Table View Controllers */ = {
			isa = PBXGroup;
			children = (
				09A7A7DF13797B8F00418DC6 /* TVShowsTableView-Phone.h */,
				09A7A7E013797B8F00418DC6 /* TVShowsTableView-Phone.m */,
				09A7A7E213797D9300418DC6 /* TVShowTableView-Phone.h */,
				09A7A7E313797D9300418DC6 /* TVShowTableView-Phone.m */,
				09A7A7E513797F8C00418DC6 /* MoviesTableView-Phone.h */,
				09A7A7E613797F8C00418DC6 /* MoviesTableView-Phone.m */,
				09A7A7E813798BC200418DC6 /* MusicTableView-Phone.h */,
				09A7A7E913798BC300418DC6 /* MusicTableView-Phone.m */,
				09A7A7EB1379938E00418DC6 /* AlbumsTableView-Phone.h */,
				09A7A7EC1379938E00418DC6 /* AlbumsTableView-Phone.m */,
				09A7A7EE1379959500418DC6 /* ArtistsTableView-Phone.h */,
				09A7A7EF1379959600418DC6 /* ArtistsTableView-Phone.m */,
				09A7A7F11379980100418DC6 /* AlbumTableView-Phone.h */,
				09A7A7F21379980200418DC6 /* AlbumTableView-Phone.m */,
				09A7A7F41379997800418DC6 /* ArtistTableView-Phone.h */,
				09A7A7F51379997900418DC6 /* ArtistTableView-Phone.m */,
				09A7A7F713799AE500418DC6 /* FilesTableView-Phone.h */,
				09A7A7F813799AE600418DC6 /* FilesTableView-Phone.m */,
				09A7A7FA13799C8B00418DC6 /* FolderTableView-Phone.h */,
				09A7A7FB13799C8D00418DC6 /* FolderTableView-Phone.m */,
			);
			name = "Table View Controllers";
			sourceTree = "<group>";
		};
/* End PBXGroup section */

/* Begin PBXNativeTarget section */
		095A294D133D510000F4FC9A /* Kontrol */ = {
			isa = PBXNativeTarget;
			buildConfigurationList = 095A2988133D510100F4FC9A /* Build configuration list for PBXNativeTarget "Kontrol" */;
			buildPhases = (
				095A294A133D510000F4FC9A /* Sources */,
				095A294B133D510000F4FC9A /* Frameworks */,
				095A294C133D510000F4FC9A /* Resources */,
			);
			buildRules = (
			);
			dependencies = (
			);
			name = Kontrol;
			productName = "Boxee Remote";
			productReference = 095A294E133D510000F4FC9A /* Kontrol.app */;
			productType = "com.apple.product-type.application";
		};
		095A2974133D510100F4FC9A /* KontrolTests */ = {
			isa = PBXNativeTarget;
			buildConfigurationList = 095A298B133D510100F4FC9A /* Build configuration list for PBXNativeTarget "KontrolTests" */;
			buildPhases = (
				095A2970133D510100F4FC9A /* Sources */,
				095A2971133D510100F4FC9A /* Frameworks */,
				095A2972133D510100F4FC9A /* Resources */,
				095A2973133D510100F4FC9A /* ShellScript */,
			);
			buildRules = (
			);
			dependencies = (
				095A297A133D510100F4FC9A /* PBXTargetDependency */,
			);
			name = KontrolTests;
			productName = "Boxee RemoteTests";
			productReference = 095A2975133D510100F4FC9A /* KontrolTests.octest */;
			productType = "com.apple.product-type.bundle";
		};
/* End PBXNativeTarget section */

/* Begin PBXProject section */
		095A2945133D510000F4FC9A /* Project object */ = {
			isa = PBXProject;
			attributes = {
				ORGANIZATIONNAME = None;
			};
			buildConfigurationList = 095A2948133D510000F4FC9A /* Build configuration list for PBXProject "Kontrol" */;
			compatibilityVersion = "Xcode 3.2";
			developmentRegion = English;
			hasScannedForEncodings = 0;
			knownRegions = (
				en,
			);
			mainGroup = 095A2943133D510000F4FC9A;
			productRefGroup = 095A294F133D510000F4FC9A /* Products */;
			projectDirPath = "";
			projectRoot = "";
			targets = (
				095A294D133D510000F4FC9A /* Kontrol */,
				095A2974133D510100F4FC9A /* KontrolTests */,
			);
		};
/* End PBXProject section */

/* Begin PBXResourcesBuildPhase section */
		095A294C133D510000F4FC9A /* Resources */ = {
			isa = PBXResourcesBuildPhase;
			buildActionMask = 2147483647;
			files = (
				095A295D133D510000F4FC9A /* InfoPlist.strings in Resources */,
				095A2966133D510000F4FC9A /* MainWindow.xib in Resources */,
				095A296C133D510000F4FC9A /* DetailView.xib in Resources */,
				095A2992133D66E800F4FC9A /* RemoteViewController.xib in Resources */,
				095A29A2133D6F4000F4FC9A /* SettingsViewController.xib in Resources */,
				095A29B7133D97DE00F4FC9A /* iPadBackground.png in Resources */,
				095A29B9133DA1CC00F4FC9A /* Qi4.RX1.JPG in Resources */,
				095A29BB133DACD600F4FC9A /* Gear.png in Resources */,
				095A29BD133DADC400F4FC9A /* icon_settings.png in Resources */,
				095A29BF133DB0B600F4FC9A /* icon_wifi.png in Resources */,
				095A29C5133DB6F800F4FC9A /* remotecontrol.png in Resources */,
				095A29D2133DBA9C00F4FC9A /* icon_mute.png in Resources */,
				095A29D4133DBB1200F4FC9A /* icon_volume.png in Resources */,
				095A29E6133DE4FC00F4FC9A /* SplashScreenViewController.xib in Resources */,
				09C956E7133FF11A006729AE /* Boxeelogo.png in Resources */,
				09C956E9133FF27F006729AE /* Boxee_shadow.png in Resources */,
				09C957011340CB27006729AE /* icon_controls_1.png in Resources */,
				09C957021340CB27006729AE /* icon_controls_2.png in Resources */,
				09C957031340CB27006729AE /* icon_controls_3.png in Resources */,
				09C957041340CB27006729AE /* icon_controls_4.png in Resources */,
				09C957051340CB27006729AE /* icon_controls_5.png in Resources */,
				09C957061340CB27006729AE /* icon_controls_6.png in Resources */,
				09C957071340CB27006729AE /* icon_controls_7.png in Resources */,
				09C957091340CD29006729AE /* icon_keyboard.png in Resources */,
				099020A91342C8DA002E996B /* downIcon.png in Resources */,
				099020AC1342C8E5002E996B /* upicon.png in Resources */,
				0914AA071343A0E200EA7994 /* nowPlayingBG.png in Resources */,
				0914AA0A1343A35C00EA7994 /* nowPlayingBG_shadow.png in Resources */,
				09EE66451345849D000F4C5F /* Default-Portrait~ipad.png in Resources */,
				09EE6647134584A8000F4C5F /* Default-Landscape~ipad.png in Resources */,
				09EE664F134588CB000F4C5F /* Icon-small-50.png in Resources */,
				09EE6650134588CB000F4C5F /* Icon-small.png in Resources */,
				09EE6651134588CB000F4C5F /* Icon-small@2x.png in Resources */,
				09EE6652134588CB000F4C5F /* Icon.png in Resources */,
				09EE6653134588CB000F4C5F /* Icon@2x.png in Resources */,
				09EE6655134588E7000F4C5F /* Icon-72.png in Resources */,
				0981EB7113634EAF00BF2510 /* MainWindow-Phone.xib in Resources */,
				0981EB881363552800BF2510 /* SettingsViewControllerPhone.xib in Resources */,
				0981EB97136359BF00BF2510 /* NowPlayingViewPhone.xib in Resources */,
				0981EB9C136359D900BF2510 /* RemoteViewControllerPhone.xib in Resources */,
				0983DB831363696E0090D189 /* remotecontroller.png in Resources */,
				0983DB8C13636C660090D189 /* DownDefault.png in Resources */,
				0983DB8D13636C660090D189 /* LeftDefault.png in Resources */,
				0983DB8E13636C660090D189 /* RemoteBG.png in Resources */,
				0983DB8F13636C660090D189 /* RightDefault.png in Resources */,
				0983DB9013636C660090D189 /* SelectDown.png in Resources */,
				0983DB9113636C660090D189 /* SelectUp.png in Resources */,
				0983DB9213636C660090D189 /* UpDefault.png in Resources */,
				0983DB971363763F0090D189 /* DetailViewPhone.xib in Resources */,
				09D0B44E136392EB002D341E /* BackButton.png in Resources */,
				097D678D1363DCD9008E8584 /* icon_volume_down.png in Resources */,
				097D678E1363DCD9008E8584 /* icon_volume_up.png in Resources */,
				097D67981363E0E3008E8584 /* Default@2x.png in Resources */,
				097D679A1363E0EF008E8584 /* Default.png in Resources */,
				09496AF9136A6368007D5053 /* library.png in Resources */,
				0925D6DF1382E8B000DD6946 /* CustomServerController.xib in Resources */,
				09A952561383431B005B941C /* CustomServerController-Phone.xib in Resources */,
				09B0F8241383FA5900B9F214 /* click2.aiff in Resources */,
			);
			runOnlyForDeploymentPostprocessing = 0;
		};
		095A2972133D510100F4FC9A /* Resources */ = {
			isa = PBXResourcesBuildPhase;
			buildActionMask = 2147483647;
			files = (
				095A2980133D510100F4FC9A /* InfoPlist.strings in Resources */,
				095A2983133D510100F4FC9A /* Boxee_RemoteTests.h in Resources */,
			);
			runOnlyForDeploymentPostprocessing = 0;
		};
/* End PBXResourcesBuildPhase section */

/* Begin PBXShellScriptBuildPhase section */
		095A2973133D510100F4FC9A /* ShellScript */ = {
			isa = PBXShellScriptBuildPhase;
			buildActionMask = 2147483647;
			files = (
			);
			inputPaths = (
			);
			outputPaths = (
			);
			runOnlyForDeploymentPostprocessing = 0;
			shellPath = /bin/sh;
			shellScript = "# Run the unit tests in this test bundle.\n\"${SYSTEM_DEVELOPER_DIR}/Tools/RunUnitTests\"\n";
		};
/* End PBXShellScriptBuildPhase section */

/* Begin PBXSourcesBuildPhase section */
		095A294A133D510000F4FC9A /* Sources */ = {
			isa = PBXSourcesBuildPhase;
			buildActionMask = 2147483647;
			files = (
				095A2960133D510000F4FC9A /* main.m in Sources */,
				095A2963133D510000F4FC9A /* Boxee_RemoteAppDelegate.m in Sources */,
				095A2969133D510000F4FC9A /* DetailViewController.m in Sources */,
				095A296F133D510000F4FC9A /* RootViewController.m in Sources */,
				095A2991133D66E800F4FC9A /* RemoteViewController.m in Sources */,
				095A29A1133D6F4000F4FC9A /* SettingsViewController.m in Sources */,
				095A29AB133D76C600F4FC9A /* BoxeeHTTPInterface.m in Sources */,
				095A29D0133DB7F500F4FC9A /* GradientButton.m in Sources */,
				095A29E5133DE4FC00F4FC9A /* SplashScreenViewController.m in Sources */,
				0981C83C133E298800F967D2 /* MediaItem.m in Sources */,
				09C956CA133EF5E3006729AE /* AsyncUdpSocket.m in Sources */,
				09C956CF133EFD43006729AE /* NSString+MD5.m in Sources */,
				09C956DA133F7B42006729AE /* BoxeeServer.m in Sources */,
				09C956DD133F7FBC006729AE /* BoxeeServerParser.m in Sources */,
				09C9570C1340EE92006729AE /* NSData+Base64.m in Sources */,
				09E8CE73135B7EBA00644DE1 /* AsyncSocket.m in Sources */,
				0981EB7413634FA400BF2510 /* Boxee_RemoteAppDelegate-Phone.m in Sources */,
				0981EB871363552800BF2510 /* SettingsViewControllerPhone.m in Sources */,
				0981EB96136359BF00BF2510 /* NowPlayingViewPhone.m in Sources */,
				0981EB9B136359D900BF2510 /* RemoteViewControllerPhone.m in Sources */,
				0983DB961363763F0090D189 /* DetailViewPhone.m in Sources */,
				0983DB9A136376EF0090D189 /* RootViewControllerPhone.m in Sources */,
				093CCACF137253FA0095FA1A /* TVShowsTableView.m in Sources */,
				093CCAD213725CDA0095FA1A /* TVShowTableView.m in Sources */,
				093CCAD5137262CD0095FA1A /* RSSTableView.m in Sources */,
				095C15121374F81D006026B6 /* MoviesTableView.m in Sources */,
				095C15151374FB0D006026B6 /* MusicTableView.m in Sources */,
				095C15181374FE12006026B6 /* AlbumsTableView.m in Sources */,
				095C151B1374FE22006026B6 /* ArtistsTableView.m in Sources */,
				095C151F13750130006026B6 /* AlbumTableView.m in Sources */,
				095C152213750146006026B6 /* ArtistTableView.m in Sources */,
				095C1525137507F8006026B6 /* FilesTableView.m in Sources */,
				095C15281375080A006026B6 /* FolderTableView.m in Sources */,
				09A7A7E113797B8F00418DC6 /* TVShowsTableView-Phone.m in Sources */,
				09A7A7E413797D9300418DC6 /* TVShowTableView-Phone.m in Sources */,
				09A7A7E713797F8D00418DC6 /* MoviesTableView-Phone.m in Sources */,
				09A7A7EA13798BC300418DC6 /* MusicTableView-Phone.m in Sources */,
				09A7A7ED1379938E00418DC6 /* AlbumsTableView-Phone.m in Sources */,
				09A7A7F01379959700418DC6 /* ArtistsTableView-Phone.m in Sources */,
				09A7A7F31379980200418DC6 /* AlbumTableView-Phone.m in Sources */,
				09A7A7F61379997900418DC6 /* ArtistTableView-Phone.m in Sources */,
				09A7A7F913799AE700418DC6 /* FilesTableView-Phone.m in Sources */,
				09A7A7FC13799C8E00418DC6 /* FolderTableView-Phone.m in Sources */,
				0925D6DE1382E8B000DD6946 /* CustomServerController.m in Sources */,
				09A952551383431B005B941C /* CustomServerController-Phone.m in Sources */,
			);
			runOnlyForDeploymentPostprocessing = 0;
		};
		095A2970133D510100F4FC9A /* Sources */ = {
			isa = PBXSourcesBuildPhase;
			buildActionMask = 2147483647;
			files = (
				095A2985133D510100F4FC9A /* Boxee_RemoteTests.m in Sources */,
			);
			runOnlyForDeploymentPostprocessing = 0;
		};
/* End PBXSourcesBuildPhase section */

/* Begin PBXTargetDependency section */
		095A297A133D510100F4FC9A /* PBXTargetDependency */ = {
			isa = PBXTargetDependency;
			target = 095A294D133D510000F4FC9A /* Kontrol */;
			targetProxy = 095A2979133D510100F4FC9A /* PBXContainerItemProxy */;
		};
/* End PBXTargetDependency section */

/* Begin PBXVariantGroup section */
		095A295B133D510000F4FC9A /* InfoPlist.strings */ = {
			isa = PBXVariantGroup;
			children = (
				095A295C133D510000F4FC9A /* en */,
			);
			name = InfoPlist.strings;
			sourceTree = "<group>";
		};
		095A2964133D510000F4FC9A /* MainWindow.xib */ = {
			isa = PBXVariantGroup;
			children = (
				095A2965133D510000F4FC9A /* en */,
			);
			name = MainWindow.xib;
			sourceTree = "<group>";
		};
		095A296A133D510000F4FC9A /* DetailView.xib */ = {
			isa = PBXVariantGroup;
			children = (
				095A296B133D510000F4FC9A /* en */,
			);
			name = DetailView.xib;
			sourceTree = "<group>";
		};
		095A297E133D510100F4FC9A /* InfoPlist.strings */ = {
			isa = PBXVariantGroup;
			children = (
				095A297F133D510100F4FC9A /* en */,
			);
			name = InfoPlist.strings;
			sourceTree = "<group>";
		};
/* End PBXVariantGroup section */

/* Begin XCBuildConfiguration section */
		095A2986133D510100F4FC9A /* Debug */ = {
			isa = XCBuildConfiguration;
			buildSettings = {
				ARCHS = "$(ARCHS_STANDARD_32_BIT)";
				CODE_SIGN_IDENTITY = "";
				"CODE_SIGN_IDENTITY[sdk=iphoneos*]" = "iPhone Developer";
				COPY_PHASE_STRIP = NO;
				GCC_C_LANGUAGE_STANDARD = gnu99;
				GCC_DEBUGGING_SYMBOLS = default;
				GCC_OPTIMIZATION_LEVEL = 0;
				GCC_PREPROCESSOR_DEFINITIONS = DEBUG;
				GCC_SYMBOLS_PRIVATE_EXTERN = NO;
				GCC_VERSION = com.apple.compilers.llvmgcc42;
				GCC_WARN_ABOUT_RETURN_TYPE = YES;
				GCC_WARN_UNUSED_VARIABLE = YES;
				IPHONEOS_DEPLOYMENT_TARGET = 4.0;
				SDKROOT = iphoneos;
				STRIP_INSTALLED_PRODUCT = NO;
				TARGETED_DEVICE_FAMILY = 2;
			};
			name = Debug;
		};
		095A2987133D510100F4FC9A /* Release */ = {
			isa = XCBuildConfiguration;
			buildSettings = {
				ARCHS = "$(ARCHS_STANDARD_32_BIT)";
				CODE_SIGN_IDENTITY = "";
				"CODE_SIGN_IDENTITY[sdk=iphoneos*]" = "iPhone Distribution: Kevin Vinck";
				COPY_PHASE_STRIP = YES;
				GCC_C_LANGUAGE_STANDARD = gnu99;
				GCC_DEBUGGING_SYMBOLS = default;
				GCC_VERSION = com.apple.compilers.llvmgcc42;
				GCC_WARN_ABOUT_RETURN_TYPE = YES;
				GCC_WARN_UNUSED_VARIABLE = YES;
				IPHONEOS_DEPLOYMENT_TARGET = 4.0;
				OTHER_CFLAGS = "-DNS_BLOCK_ASSERTIONS=1";
				"PROVISIONING_PROFILE[sdk=iphoneos*]" = "6C48F54A-4374-4E10-958C-CD6336B1C738";
				SDKROOT = iphoneos;
				STRIP_INSTALLED_PRODUCT = YES;
				TARGETED_DEVICE_FAMILY = 2;
			};
			name = Release;
		};
		095A2989133D510100F4FC9A /* Debug */ = {
			isa = XCBuildConfiguration;
			buildSettings = {
				ALWAYS_SEARCH_USER_PATHS = NO;
				COPY_PHASE_STRIP = NO;
				GCC_DEBUGGING_SYMBOLS = default;
				GCC_DYNAMIC_NO_PIC = NO;
				GCC_PRECOMPILE_PREFIX_HEADER = YES;
				GCC_PREFIX_HEADER = "Boxee Remote/Kontrol-Prefix.pch";
				INFOPLIST_FILE = "Boxee Remote/Kontrol-Info.plist";
				IPHONEOS_DEPLOYMENT_TARGET = 4.1;
				PRODUCT_NAME = Kontrol;
				STRIP_STYLE = debugging;
				TARGETED_DEVICE_FAMILY = "1,2";
				WRAPPER_EXTENSION = app;
			};
			name = Debug;
		};
		095A298A133D510100F4FC9A /* Release */ = {
			isa = XCBuildConfiguration;
			buildSettings = {
				ALWAYS_SEARCH_USER_PATHS = NO;
				COPY_PHASE_STRIP = YES;
				GCC_DEBUGGING_SYMBOLS = default;
				GCC_PRECOMPILE_PREFIX_HEADER = YES;
				GCC_PREFIX_HEADER = "Boxee Remote/Kontrol-Prefix.pch";
				INFOPLIST_FILE = "Boxee Remote/Kontrol-Info.plist";
				IPHONEOS_DEPLOYMENT_TARGET = 4.1;
				PRODUCT_NAME = Kontrol;
				STRIP_STYLE = debugging;
				TARGETED_DEVICE_FAMILY = "1,2";
				VALIDATE_PRODUCT = YES;
				WRAPPER_EXTENSION = app;
			};
			name = Release;
		};
		095A298C133D510100F4FC9A /* Debug */ = {
			isa = XCBuildConfiguration;
			buildSettings = {
				ALWAYS_SEARCH_USER_PATHS = NO;
				ARCHS = "$(ARCHS_STANDARD_32_BIT)";
				BUNDLE_LOADER = "$(BUILT_PRODUCTS_DIR)/Boxee Remote.app/Boxee Remote";
				FRAMEWORK_SEARCH_PATHS = (
					"$(SDKROOT)/Developer/Library/Frameworks",
					"$(DEVELOPER_LIBRARY_DIR)/Frameworks",
				);
				GCC_PRECOMPILE_PREFIX_HEADER = YES;
				GCC_PREFIX_HEADER = "Boxee RemoteTests/KontrolTests-Prefix.pch";
				INFOPLIST_FILE = "Boxee RemoteTests/KontrolTests-Info.plist";
				OTHER_LDFLAGS = (
					"-framework",
					SenTestingKit,
				);
				PRODUCT_NAME = KontrolTests;
				TEST_HOST = "$(BUNDLE_LOADER)";
				WRAPPER_EXTENSION = octest;
			};
			name = Debug;
		};
		095A298D133D510100F4FC9A /* Release */ = {
			isa = XCBuildConfiguration;
			buildSettings = {
				ALWAYS_SEARCH_USER_PATHS = NO;
				ARCHS = "$(ARCHS_STANDARD_32_BIT)";
				BUNDLE_LOADER = "$(BUILT_PRODUCTS_DIR)/Boxee Remote.app/Boxee Remote";
				FRAMEWORK_SEARCH_PATHS = (
					"$(SDKROOT)/Developer/Library/Frameworks",
					"$(DEVELOPER_LIBRARY_DIR)/Frameworks",
				);
				GCC_PRECOMPILE_PREFIX_HEADER = YES;
				GCC_PREFIX_HEADER = "Boxee RemoteTests/KontrolTests-Prefix.pch";
				INFOPLIST_FILE = "Boxee RemoteTests/KontrolTests-Info.plist";
				OTHER_LDFLAGS = (
					"-framework",
					SenTestingKit,
				);
				PRODUCT_NAME = KontrolTests;
				TEST_HOST = "$(BUNDLE_LOADER)";
				WRAPPER_EXTENSION = octest;
			};
			name = Release;
		};
		09FC425213479077008E018B /* AdHoc Release */ = {
			isa = XCBuildConfiguration;
			buildSettings = {
				ARCHS = "$(ARCHS_STANDARD_32_BIT)";
				CODE_SIGN_IDENTITY = "";
				"CODE_SIGN_IDENTITY[sdk=iphoneos*]" = "iPhone Distribution: Kevin Vinck";
				COPY_PHASE_STRIP = NO;
				GCC_C_LANGUAGE_STANDARD = gnu99;
				GCC_DEBUGGING_SYMBOLS = default;
				GCC_OPTIMIZATION_LEVEL = 0;
				GCC_VERSION = com.apple.compilers.llvmgcc42;
				GCC_WARN_ABOUT_RETURN_TYPE = YES;
				GCC_WARN_UNUSED_VARIABLE = YES;
				IPHONEOS_DEPLOYMENT_TARGET = 4.0;
				OTHER_CFLAGS = "-DNS_BLOCK_ASSERTIONS=1";
				"PROVISIONING_PROFILE[sdk=iphoneos*]" = "1155E803-EEBD-44B2-BA1F-B164EDE38F06";
				SDKROOT = iphoneos;
				STRIP_INSTALLED_PRODUCT = NO;
				TARGETED_DEVICE_FAMILY = 2;
			};
			name = "AdHoc Release";
		};
		09FC425313479077008E018B /* AdHoc Release */ = {
			isa = XCBuildConfiguration;
			buildSettings = {
				ALWAYS_SEARCH_USER_PATHS = NO;
				CODE_SIGN_IDENTITY = "";
				"CODE_SIGN_IDENTITY[sdk=iphoneos*]" = "iPhone Distribution: Kevin Vinck";
				COPY_PHASE_STRIP = NO;
				GCC_DEBUGGING_SYMBOLS = default;
				GCC_OPTIMIZATION_LEVEL = 0;
				GCC_PRECOMPILE_PREFIX_HEADER = YES;
				GCC_PREFIX_HEADER = "Boxee Remote/Kontrol-Prefix.pch";
				GCC_SYMBOLS_PRIVATE_EXTERN = NO;
				INFOPLIST_FILE = "Boxee Remote/Kontrol-Info.plist";
				IPHONEOS_DEPLOYMENT_TARGET = 4.1;
				PRODUCT_NAME = Kontrol;
				"PROVISIONING_PROFILE[sdk=iphoneos*]" = "BFCA604E-2B35-4DDF-B3B8-111399E19D30";
				STRIP_STYLE = debugging;
				TARGETED_DEVICE_FAMILY = "1,2";
				VALIDATE_PRODUCT = YES;
				WRAPPER_EXTENSION = app;
			};
			name = "AdHoc Release";
		};
		09FC425413479077008E018B /* AdHoc Release */ = {
			isa = XCBuildConfiguration;
			buildSettings = {
				ALWAYS_SEARCH_USER_PATHS = NO;
				ARCHS = "$(ARCHS_STANDARD_32_BIT)";
				BUNDLE_LOADER = "$(BUILT_PRODUCTS_DIR)/Boxee Remote.app/Boxee Remote";
				FRAMEWORK_SEARCH_PATHS = (
					"$(SDKROOT)/Developer/Library/Frameworks",
					"$(DEVELOPER_LIBRARY_DIR)/Frameworks",
				);
				GCC_PRECOMPILE_PREFIX_HEADER = YES;
				GCC_PREFIX_HEADER = "Boxee RemoteTests/KontrolTests-Prefix.pch";
				INFOPLIST_FILE = "Boxee RemoteTests/KontrolTests-Info.plist";
				OTHER_LDFLAGS = (
					"-framework",
					SenTestingKit,
				);
				PRODUCT_NAME = KontrolTests;
				TEST_HOST = "$(BUNDLE_LOADER)";
				WRAPPER_EXTENSION = octest;
			};
			name = "AdHoc Release";
		};
/* End XCBuildConfiguration section */

/* Begin XCConfigurationList section */
		095A2948133D510000F4FC9A /* Build configuration list for PBXProject "Kontrol" */ = {
			isa = XCConfigurationList;
			buildConfigurations = (
				095A2986133D510100F4FC9A /* Debug */,
				095A2987133D510100F4FC9A /* Release */,
				09FC425213479077008E018B /* AdHoc Release */,
			);
			defaultConfigurationIsVisible = 0;
			defaultConfigurationName = Release;
		};
		095A2988133D510100F4FC9A /* Build configuration list for PBXNativeTarget "Kontrol" */ = {
			isa = XCConfigurationList;
			buildConfigurations = (
				095A2989133D510100F4FC9A /* Debug */,
				095A298A133D510100F4FC9A /* Release */,
				09FC425313479077008E018B /* AdHoc Release */,
			);
			defaultConfigurationIsVisible = 0;
			defaultConfigurationName = Release;
		};
		095A298B133D510100F4FC9A /* Build configuration list for PBXNativeTarget "KontrolTests" */ = {
			isa = XCConfigurationList;
			buildConfigurations = (
				095A298C133D510100F4FC9A /* Debug */,
				095A298D133D510100F4FC9A /* Release */,
				09FC425413479077008E018B /* AdHoc Release */,
			);
			defaultConfigurationIsVisible = 0;
			defaultConfigurationName = Release;
		};
/* End XCConfigurationList section */
	};
	rootObject = 095A2945133D510000F4FC9A /* Project object */;
}
