// !$*UTF8*$!
{
	archiveVersion = 1;
	classes = {
	};
	objectVersion = 46;
	objects = {

/* Begin PBXBuildFile section */
		095A2953133D510000F4FC9A /* UIKit.framework in Frameworks */ = {isa = PBXBuildFile; fileRef = 095A2952133D510000F4FC9A /* UIKit.framework */; };
		095A2955133D510000F4FC9A /* Foundation.framework in Frameworks */ = {isa = PBXBuildFile; fileRef = 095A2954133D510000F4FC9A /* Foundation.framework */; };
		095A2957133D510000F4FC9A /* CoreGraphics.framework in Frameworks */ = {isa = PBXBuildFile; fileRef = 095A2956133D510000F4FC9A /* CoreGraphics.framework */; };
		095A295D133D510000F4FC9A /* InfoPlist.strings in Resources */ = {isa = PBXBuildFile; fileRef = 095A295B133D510000F4FC9A /* InfoPlist.strings */; };
		095A2960133D510000F4FC9A /* main.m in Sources */ = {isa = PBXBuildFile; fileRef = 095A295F133D510000F4FC9A /* main.m */; };
		095A2963133D510000F4FC9A /* Boxee_RemoteAppDelegate.m in Sources */ = {isa = PBXBuildFile; fileRef = 095A2962133D510000F4FC9A /* Boxee_RemoteAppDelegate.m */; };
		095A2966133D510000F4FC9A /* MainWindow.xib in Resources */ = {isa = PBXBuildFile; fileRef = 095A2964133D510000F4FC9A /* MainWindow.xib */; };
		095A2969133D510000F4FC9A /* DetailViewController.m in Sources */ = {isa = PBXBuildFile; fileRef = 095A2968133D510000F4FC9A /* DetailViewController.m */; };
		095A296C133D510000F4FC9A /* DetailView.xib in Resources */ = {isa = PBXBuildFile; fileRef = 095A296A133D510000F4FC9A /* DetailView.xib */; };
		095A296F133D510000F4FC9A /* RootViewController.m in Sources */ = {isa = PBXBuildFile; fileRef = 095A296E133D510000F4FC9A /* RootViewController.m */; };
		095A2976133D510100F4FC9A /* UIKit.framework in Frameworks */ = {isa = PBXBuildFile; fileRef = 095A2952133D510000F4FC9A /* UIKit.framework */; };
		095A2977133D510100F4FC9A /* Foundation.framework in Frameworks */ = {isa = PBXBuildFile; fileRef = 095A2954133D510000F4FC9A /* Foundation.framework */; };
		095A2978133D510100F4FC9A /* CoreGraphics.framework in Frameworks */ = {isa = PBXBuildFile; fileRef = 095A2956133D510000F4FC9A /* CoreGraphics.framework */; };
		095A2980133D510100F4FC9A /* InfoPlist.strings in Resources */ = {isa = PBXBuildFile; fileRef = 095A297E133D510100F4FC9A /* InfoPlist.strings */; };
		095A2983133D510100F4FC9A /* Boxee_RemoteTests.h in Resources */ = {isa = PBXBuildFile; fileRef = 095A2982133D510100F4FC9A /* Boxee_RemoteTests.h */; };
		095A2985133D510100F4FC9A /* Boxee_RemoteTests.m in Sources */ = {isa = PBXBuildFile; fileRef = 095A2984133D510100F4FC9A /* Boxee_RemoteTests.m */; };
/* End PBXBuildFile section */

/* Begin PBXContainerItemProxy section */
		095A2979133D510100F4FC9A /* PBXContainerItemProxy */ = {
			isa = PBXContainerItemProxy;
			containerPortal = 095A2945133D510000F4FC9A /* Project object */;
			proxyType = 1;
			remoteGlobalIDString = 095A294D133D510000F4FC9A;
			remoteInfo = "Boxee Remote";
		};
/* End PBXContainerItemProxy section */

/* Begin PBXFileReference section */
		095A294E133D510000F4FC9A /* Boxee Remote.app */ = {isa = PBXFileReference; explicitFileType = wrapper.application; includeInIndex = 0; path = "Boxee Remote.app"; sourceTree = BUILT_PRODUCTS_DIR; };
		095A2952133D510000F4FC9A /* UIKit.framework */ = {isa = PBXFileReference; lastKnownFileType = wrapper.framework; name = UIKit.framework; path = System/Library/Frameworks/UIKit.framework; sourceTree = SDKROOT; };
		095A2954133D510000F4FC9A /* Foundation.framework */ = {isa = PBXFileReference; lastKnownFileType = wrapper.framework; name = Foundation.framework; path = System/Library/Frameworks/Foundation.framework; sourceTree = SDKROOT; };
		095A2956133D510000F4FC9A /* CoreGraphics.framework */ = {isa = PBXFileReference; lastKnownFileType = wrapper.framework; name = CoreGraphics.framework; path = System/Library/Frameworks/CoreGraphics.framework; sourceTree = SDKROOT; };
		095A295A133D510000F4FC9A /* Boxee Remote-Info.plist */ = {isa = PBXFileReference; path = "Boxee Remote-Info.plist"; sourceTree = "<group>"; };
		095A295C133D510000F4FC9A /* en */ = {isa = PBXFileReference; lastKnownFileType = text.plist.strings; name = en; path = en.lproj/InfoPlist.strings; sourceTree = "<group>"; };
		095A295E133D510000F4FC9A /* Boxee Remote-Prefix.pch */ = {isa = PBXFileReference; path = "Boxee Remote-Prefix.pch"; sourceTree = "<group>"; };
		095A295F133D510000F4FC9A /* main.m */ = {isa = PBXFileReference; lastKnownFileType = sourcecode.c.objc; path = main.m; sourceTree = "<group>"; };
		095A2961133D510000F4FC9A /* Boxee_RemoteAppDelegate.h */ = {isa = PBXFileReference; path = Boxee_RemoteAppDelegate.h; sourceTree = "<group>"; };
		095A2962133D510000F4FC9A /* Boxee_RemoteAppDelegate.m */ = {isa = PBXFileReference; lastKnownFileType = sourcecode.c.objc; path = Boxee_RemoteAppDelegate.m; sourceTree = "<group>"; };
		095A2965133D510000F4FC9A /* en */ = {isa = PBXFileReference; lastKnownFileType = file.xib; name = en; path = en.lproj/MainWindow.xib; sourceTree = "<group>"; };
		095A2967133D510000F4FC9A /* DetailViewController.h */ = {isa = PBXFileReference; path = DetailViewController.h; sourceTree = "<group>"; };
		095A2968133D510000F4FC9A /* DetailViewController.m */ = {isa = PBXFileReference; lastKnownFileType = sourcecode.c.objc; path = DetailViewController.m; sourceTree = "<group>"; };
		095A296B133D510000F4FC9A /* en */ = {isa = PBXFileReference; lastKnownFileType = file.xib; name = en; path = en.lproj/DetailView.xib; sourceTree = "<group>"; };
		095A296D133D510000F4FC9A /* RootViewController.h */ = {isa = PBXFileReference; path = RootViewController.h; sourceTree = "<group>"; };
		095A296E133D510000F4FC9A /* RootViewController.m */ = {isa = PBXFileReference; lastKnownFileType = sourcecode.c.objc; path = RootViewController.m; sourceTree = "<group>"; };
		095A2975133D510100F4FC9A /* Boxee RemoteTests.octest */ = {isa = PBXFileReference; explicitFileType = wrapper.cfbundle; includeInIndex = 0; path = "Boxee RemoteTests.octest"; sourceTree = BUILT_PRODUCTS_DIR; };
		095A297D133D510100F4FC9A /* Boxee RemoteTests-Info.plist */ = {isa = PBXFileReference; path = "Boxee RemoteTests-Info.plist"; sourceTree = "<group>"; };
		095A297F133D510100F4FC9A /* en */ = {isa = PBXFileReference; lastKnownFileType = text.plist.strings; name = en; path = en.lproj/InfoPlist.strings; sourceTree = "<group>"; };
		095A2981133D510100F4FC9A /* Boxee RemoteTests-Prefix.pch */ = {isa = PBXFileReference; path = "Boxee RemoteTests-Prefix.pch"; sourceTree = "<group>"; };
		095A2982133D510100F4FC9A /* Boxee_RemoteTests.h */ = {isa = PBXFileReference; lastKnownFileType = sourcecode.c.h; path = Boxee_RemoteTests.h; sourceTree = "<group>"; };
		095A2984133D510100F4FC9A /* Boxee_RemoteTests.m */ = {isa = PBXFileReference; lastKnownFileType = sourcecode.c.objc; path = Boxee_RemoteTests.m; sourceTree = "<group>"; };
/* End PBXFileReference section */

/* Begin PBXFrameworksBuildPhase section */
		095A294B133D510000F4FC9A /* Frameworks */ = {
			isa = PBXFrameworksBuildPhase;
			buildActionMask = 2147483647;
			files = (
				095A2953133D510000F4FC9A /* UIKit.framework in Frameworks */,
				095A2955133D510000F4FC9A /* Foundation.framework in Frameworks */,
				095A2957133D510000F4FC9A /* CoreGraphics.framework in Frameworks */,
			);
			runOnlyForDeploymentPostprocessing = 0;
		};
		095A2971133D510100F4FC9A /* Frameworks */ = {
			isa = PBXFrameworksBuildPhase;
			buildActionMask = 2147483647;
			files = (
				095A2976133D510100F4FC9A /* UIKit.framework in Frameworks */,
				095A2977133D510100F4FC9A /* Foundation.framework in Frameworks */,
				095A2978133D510100F4FC9A /* CoreGraphics.framework in Frameworks */,
			);
			runOnlyForDeploymentPostprocessing = 0;
		};
/* End PBXFrameworksBuildPhase section */

/* Begin PBXGroup section */
		095A2943133D510000F4FC9A = {
			isa = PBXGroup;
			children = (
				095A2958133D510000F4FC9A /* Boxee Remote */,
				095A297B133D510100F4FC9A /* Boxee RemoteTests */,
				095A2951133D510000F4FC9A /* Frameworks */,
				095A294F133D510000F4FC9A /* Products */,
			);
			sourceTree = "<group>";
		};
		095A294F133D510000F4FC9A /* Products */ = {
			isa = PBXGroup;
			children = (
				095A294E133D510000F4FC9A /* Boxee Remote.app */,
				095A2975133D510100F4FC9A /* Boxee RemoteTests.octest */,
			);
			name = Products;
			sourceTree = "<group>";
		};
		095A2951133D510000F4FC9A /* Frameworks */ = {
			isa = PBXGroup;
			children = (
				095A2952133D510000F4FC9A /* UIKit.framework */,
				095A2954133D510000F4FC9A /* Foundation.framework */,
				095A2956133D510000F4FC9A /* CoreGraphics.framework */,
			);
			name = Frameworks;
			sourceTree = "<group>";
		};
		095A2958133D510000F4FC9A /* Boxee Remote */ = {
			isa = PBXGroup;
			children = (
				095A2961133D510000F4FC9A /* Boxee_RemoteAppDelegate.h */,
				095A2962133D510000F4FC9A /* Boxee_RemoteAppDelegate.m */,
				095A2964133D510000F4FC9A /* MainWindow.xib */,
				095A2967133D510000F4FC9A /* DetailViewController.h */,
				095A2968133D510000F4FC9A /* DetailViewController.m */,
				095A296A133D510000F4FC9A /* DetailView.xib */,
				095A296D133D510000F4FC9A /* RootViewController.h */,
				095A296E133D510000F4FC9A /* RootViewController.m */,
				095A2959133D510000F4FC9A /* Supporting Files */,
			);
			path = "Boxee Remote";
			sourceTree = "<group>";
		};
		095A2959133D510000F4FC9A /* Supporting Files */ = {
			isa = PBXGroup;
			children = (
				095A295A133D510000F4FC9A /* Boxee Remote-Info.plist */,
				095A295B133D510000F4FC9A /* InfoPlist.strings */,
				095A295E133D510000F4FC9A /* Boxee Remote-Prefix.pch */,
				095A295F133D510000F4FC9A /* main.m */,
			);
			name = "Supporting Files";
			sourceTree = "<group>";
		};
		095A297B133D510100F4FC9A /* Boxee RemoteTests */ = {
			isa = PBXGroup;
			children = (
				095A2982133D510100F4FC9A /* Boxee_RemoteTests.h */,
				095A2984133D510100F4FC9A /* Boxee_RemoteTests.m */,
				095A297C133D510100F4FC9A /* Supporting Files */,
			);
			path = "Boxee RemoteTests";
			sourceTree = "<group>";
		};
		095A297C133D510100F4FC9A /* Supporting Files */ = {
			isa = PBXGroup;
			children = (
				095A297D133D510100F4FC9A /* Boxee RemoteTests-Info.plist */,
				095A297E133D510100F4FC9A /* InfoPlist.strings */,
				095A2981133D510100F4FC9A /* Boxee RemoteTests-Prefix.pch */,
			);
			name = "Supporting Files";
			sourceTree = "<group>";
		};
/* End PBXGroup section */

/* Begin PBXNativeTarget section */
		095A294D133D510000F4FC9A /* Boxee Remote */ = {
			isa = PBXNativeTarget;
			buildConfigurationList = 095A2988133D510100F4FC9A /* Build configuration list for PBXNativeTarget "Boxee Remote" */;
			buildPhases = (
				095A294A133D510000F4FC9A /* Sources */,
				095A294B133D510000F4FC9A /* Frameworks */,
				095A294C133D510000F4FC9A /* Resources */,
			);
			buildRules = (
			);
			dependencies = (
			);
			name = "Boxee Remote";
			productName = "Boxee Remote";
			productReference = 095A294E133D510000F4FC9A /* Boxee Remote.app */;
			productType = "com.apple.product-type.application";
		};
		095A2974133D510100F4FC9A /* Boxee RemoteTests */ = {
			isa = PBXNativeTarget;
			buildConfigurationList = 095A298B133D510100F4FC9A /* Build configuration list for PBXNativeTarget "Boxee RemoteTests" */;
			buildPhases = (
				095A2970133D510100F4FC9A /* Sources */,
				095A2971133D510100F4FC9A /* Frameworks */,
				095A2972133D510100F4FC9A /* Resources */,
				095A2973133D510100F4FC9A /* ShellScript */,
			);
			buildRules = (
			);
			dependencies = (
				095A297A133D510100F4FC9A /* PBXTargetDependency */,
			);
			name = "Boxee RemoteTests";
			productName = "Boxee RemoteTests";
			productReference = 095A2975133D510100F4FC9A /* Boxee RemoteTests.octest */;
			productType = "com.apple.product-type.bundle";
		};
/* End PBXNativeTarget section */

/* Begin PBXProject section */
		095A2945133D510000F4FC9A /* Project object */ = {
			isa = PBXProject;
			attributes = {
				ORGANIZATIONNAME = None;
			};
			buildConfigurationList = 095A2948133D510000F4FC9A /* Build configuration list for PBXProject "Boxee Remote" */;
			compatibilityVersion = "Xcode 3.2";
			developmentRegion = English;
			hasScannedForEncodings = 0;
			knownRegions = (
				en,
			);
			mainGroup = 095A2943133D510000F4FC9A;
			productRefGroup = 095A294F133D510000F4FC9A /* Products */;
			projectDirPath = "";
			projectRoot = "";
			targets = (
				095A294D133D510000F4FC9A /* Boxee Remote */,
				095A2974133D510100F4FC9A /* Boxee RemoteTests */,
			);
		};
/* End PBXProject section */

/* Begin PBXResourcesBuildPhase section */
		095A294C133D510000F4FC9A /* Resources */ = {
			isa = PBXResourcesBuildPhase;
			buildActionMask = 2147483647;
			files = (
				095A295D133D510000F4FC9A /* InfoPlist.strings in Resources */,
				095A2966133D510000F4FC9A /* MainWindow.xib in Resources */,
				095A296C133D510000F4FC9A /* DetailView.xib in Resources */,
			);
			runOnlyForDeploymentPostprocessing = 0;
		};
		095A2972133D510100F4FC9A /* Resources */ = {
			isa = PBXResourcesBuildPhase;
			buildActionMask = 2147483647;
			files = (
				095A2980133D510100F4FC9A /* InfoPlist.strings in Resources */,
				095A2983133D510100F4FC9A /* Boxee_RemoteTests.h in Resources */,
			);
			runOnlyForDeploymentPostprocessing = 0;
		};
/* End PBXResourcesBuildPhase section */

/* Begin PBXShellScriptBuildPhase section */
		095A2973133D510100F4FC9A /* ShellScript */ = {
			isa = PBXShellScriptBuildPhase;
			buildActionMask = 2147483647;
			files = (
			);
			inputPaths = (
			);
			outputPaths = (
			);
			runOnlyForDeploymentPostprocessing = 0;
			shellPath = /bin/sh;
			shellScript = "# Run the unit tests in this test bundle.\n\"${SYSTEM_DEVELOPER_DIR}/Tools/RunUnitTests\"\n";
		};
/* End PBXShellScriptBuildPhase section */

/* Begin PBXSourcesBuildPhase section */
		095A294A133D510000F4FC9A /* Sources */ = {
			isa = PBXSourcesBuildPhase;
			buildActionMask = 2147483647;
			files = (
				095A2960133D510000F4FC9A /* main.m in Sources */,
				095A2963133D510000F4FC9A /* Boxee_RemoteAppDelegate.m in Sources */,
				095A2969133D510000F4FC9A /* DetailViewController.m in Sources */,
				095A296F133D510000F4FC9A /* RootViewController.m in Sources */,
			);
			runOnlyForDeploymentPostprocessing = 0;
		};
		095A2970133D510100F4FC9A /* Sources */ = {
			isa = PBXSourcesBuildPhase;
			buildActionMask = 2147483647;
			files = (
				095A2985133D510100F4FC9A /* Boxee_RemoteTests.m in Sources */,
			);
			runOnlyForDeploymentPostprocessing = 0;
		};
/* End PBXSourcesBuildPhase section */

/* Begin PBXTargetDependency section */
		095A297A133D510100F4FC9A /* PBXTargetDependency */ = {
			isa = PBXTargetDependency;
			target = 095A294D133D510000F4FC9A /* Boxee Remote */;
			targetProxy = 095A2979133D510100F4FC9A /* PBXContainerItemProxy */;
		};
/* End PBXTargetDependency section */

/* Begin PBXVariantGroup section */
		095A295B133D510000F4FC9A /* InfoPlist.strings */ = {
			isa = PBXVariantGroup;
			children = (
				095A295C133D510000F4FC9A /* en */,
			);
			name = InfoPlist.strings;
			sourceTree = "<group>";
		};
		095A2964133D510000F4FC9A /* MainWindow.xib */ = {
			isa = PBXVariantGroup;
			children = (
				095A2965133D510000F4FC9A /* en */,
			);
			name = MainWindow.xib;
			sourceTree = "<group>";
		};
		095A296A133D510000F4FC9A /* DetailView.xib */ = {
			isa = PBXVariantGroup;
			children = (
				095A296B133D510000F4FC9A /* en */,
			);
			name = DetailView.xib;
			sourceTree = "<group>";
		};
		095A297E133D510100F4FC9A /* InfoPlist.strings */ = {
			isa = PBXVariantGroup;
			children = (
				095A297F133D510100F4FC9A /* en */,
			);
			name = InfoPlist.strings;
			sourceTree = "<group>";
		};
/* End PBXVariantGroup section */

/* Begin XCBuildConfiguration section */
		095A2986133D510100F4FC9A /* Debug */ = {
			isa = XCBuildConfiguration;
			buildSettings = {
				ARCHS = "$(ARCHS_UNIVERSAL_IPHONE_OS)";
				"CODE_SIGN_IDENTITY[sdk=iphoneos*]" = "iPhone Developer";
				GCC_C_LANGUAGE_STANDARD = gnu99;
				GCC_OPTIMIZATION_LEVEL = 0;
				GCC_PREPROCESSOR_DEFINITIONS = DEBUG;
				GCC_SYMBOLS_PRIVATE_EXTERN = NO;
				GCC_VERSION = com.apple.compilers.llvmgcc42;
				GCC_WARN_ABOUT_RETURN_TYPE = YES;
				GCC_WARN_UNUSED_VARIABLE = YES;
				IPHONEOS_DEPLOYMENT_TARGET = 4.3;
				SDKROOT = iphoneos;
				TARGETED_DEVICE_FAMILY = 2;
			};
			name = Debug;
		};
		095A2987133D510100F4FC9A /* Release */ = {
			isa = XCBuildConfiguration;
			buildSettings = {
				ARCHS = "$(ARCHS_UNIVERSAL_IPHONE_OS)";
				"CODE_SIGN_IDENTITY[sdk=iphoneos*]" = "iPhone Developer";
				GCC_C_LANGUAGE_STANDARD = gnu99;
				GCC_VERSION = com.apple.compilers.llvmgcc42;
				GCC_WARN_ABOUT_RETURN_TYPE = YES;
				GCC_WARN_UNUSED_VARIABLE = YES;
				IPHONEOS_DEPLOYMENT_TARGET = 4.3;
				OTHER_CFLAGS = "-DNS_BLOCK_ASSERTIONS=1";
				SDKROOT = iphoneos;
				TARGETED_DEVICE_FAMILY = 2;
			};
			name = Release;
		};
		095A2989133D510100F4FC9A /* Debug */ = {
			isa = XCBuildConfiguration;
			buildSettings = {
				ALWAYS_SEARCH_USER_PATHS = NO;
				COPY_PHASE_STRIP = NO;
				GCC_DYNAMIC_NO_PIC = NO;
				GCC_PRECOMPILE_PREFIX_HEADER = YES;
				GCC_PREFIX_HEADER = "Boxee Remote/Boxee Remote-Prefix.pch";
				INFOPLIST_FILE = "Boxee Remote/Boxee Remote-Info.plist";
				PRODUCT_NAME = "$(TARGET_NAME)";
				WRAPPER_EXTENSION = app;
			};
			name = Debug;
		};
		095A298A133D510100F4FC9A /* Release */ = {
			isa = XCBuildConfiguration;
			buildSettings = {
				ALWAYS_SEARCH_USER_PATHS = NO;
				COPY_PHASE_STRIP = YES;
				GCC_PRECOMPILE_PREFIX_HEADER = YES;
				GCC_PREFIX_HEADER = "Boxee Remote/Boxee Remote-Prefix.pch";
				INFOPLIST_FILE = "Boxee Remote/Boxee Remote-Info.plist";
				PRODUCT_NAME = "$(TARGET_NAME)";
				VALIDATE_PRODUCT = YES;
				WRAPPER_EXTENSION = app;
			};
			name = Release;
		};
		095A298C133D510100F4FC9A /* Debug */ = {
			isa = XCBuildConfiguration;
			buildSettings = {
				ALWAYS_SEARCH_USER_PATHS = NO;
				ARCHS = "$(ARCHS_STANDARD_32_BIT)";
				BUNDLE_LOADER = "$(BUILT_PRODUCTS_DIR)/Boxee Remote.app/Boxee Remote";
				FRAMEWORK_SEARCH_PATHS = (
					"$(SDKROOT)/Developer/Library/Frameworks",
					"$(DEVELOPER_LIBRARY_DIR)/Frameworks",
				);
				GCC_PRECOMPILE_PREFIX_HEADER = YES;
				GCC_PREFIX_HEADER = "Boxee RemoteTests/Boxee RemoteTests-Prefix.pch";
				INFOPLIST_FILE = "Boxee RemoteTests/Boxee RemoteTests-Info.plist";
				OTHER_LDFLAGS = (
					"-framework",
					SenTestingKit,
				);
				PRODUCT_NAME = "$(TARGET_NAME)";
				TEST_HOST = "$(BUNDLE_LOADER)";
				WRAPPER_EXTENSION = octest;
			};
			name = Debug;
		};
		095A298D133D510100F4FC9A /* Release */ = {
			isa = XCBuildConfiguration;
			buildSettings = {
				ALWAYS_SEARCH_USER_PATHS = NO;
				ARCHS = "$(ARCHS_STANDARD_32_BIT)";
				BUNDLE_LOADER = "$(BUILT_PRODUCTS_DIR)/Boxee Remote.app/Boxee Remote";
				FRAMEWORK_SEARCH_PATHS = (
					"$(SDKROOT)/Developer/Library/Frameworks",
					"$(DEVELOPER_LIBRARY_DIR)/Frameworks",
				);
				GCC_PRECOMPILE_PREFIX_HEADER = YES;
				GCC_PREFIX_HEADER = "Boxee RemoteTests/Boxee RemoteTests-Prefix.pch";
				INFOPLIST_FILE = "Boxee RemoteTests/Boxee RemoteTests-Info.plist";
				OTHER_LDFLAGS = (
					"-framework",
					SenTestingKit,
				);
				PRODUCT_NAME = "$(TARGET_NAME)";
				TEST_HOST = "$(BUNDLE_LOADER)";
				WRAPPER_EXTENSION = octest;
			};
			name = Release;
		};
/* End XCBuildConfiguration section */

/* Begin XCConfigurationList section */
		095A2948133D510000F4FC9A /* Build configuration list for PBXProject "Boxee Remote" */ = {
			isa = XCConfigurationList;
			buildConfigurations = (
				095A2986133D510100F4FC9A /* Debug */,
				095A2987133D510100F4FC9A /* Release */,
			);
			defaultConfigurationIsVisible = 0;
			defaultConfigurationName = Release;
		};
		095A2988133D510100F4FC9A /* Build configuration list for PBXNativeTarget "Boxee Remote" */ = {
			isa = XCConfigurationList;
			buildConfigurations = (
				095A2989133D510100F4FC9A /* Debug */,
				095A298A133D510100F4FC9A /* Release */,
			);
			defaultConfigurationIsVisible = 0;
		};
		095A298B133D510100F4FC9A /* Build configuration list for PBXNativeTarget "Boxee RemoteTests" */ = {
			isa = XCConfigurationList;
			buildConfigurations = (
				095A298C133D510100F4FC9A /* Debug */,
				095A298D133D510100F4FC9A /* Release */,
			);
			defaultConfigurationIsVisible = 0;
		};
/* End XCConfigurationList section */
	};
	rootObject = 095A2945133D510000F4FC9A /* Project object */;
}
